{
  "version": 4,
  "terraform_version": "1.0.8",
  "serial": 53,
  "lineage": "2ebeeff5-45ee-9ec1-b767-bbee9c3d9d1c",
  "outputs": {
    "cluster_endpoint": {
      "value": "https://52DF31E6D55529C16464A7B0C74B8985.yl4.us-east-1.eks.amazonaws.com",
      "type": "string"
    },
    "cluster_id": {
      "value": "mktst-nginx",
      "type": "string"
    },
    "cluster_name": {
      "value": "mktst-nginx",
      "type": "string"
    },
    "cluster_security_group_id": {
      "value": "sg-0138df6a52aabb766",
      "type": "string"
    },
    "config_map_aws_auth": {
      "value": [
        {
          "binary_data": null,
          "data": {
            "mapAccounts": "[]\n",
            "mapRoles": "- \"groups\":\n  - \"system:bootstrappers\"\n  - \"system:nodes\"\n  \"rolearn\": \"arn:aws:iam::051126537531:role/NodeInstanceRole\"\n  \"username\": \"system:node:{{EC2PrivateDNSName}}\"\n",
            "mapUsers": "[]\n"
          },
          "id": "kube-system/aws-auth",
          "metadata": [
            {
              "annotations": null,
              "generate_name": "",
              "generation": 0,
              "labels": {
                "app.kubernetes.io/managed-by": "Terraform",
                "terraform.io/module": "terraform-aws-modules.eks.aws"
              },
              "name": "aws-auth",
              "namespace": "kube-system",
              "resource_version": "1193",
              "uid": "337a9997-d6cf-4433-87cb-611d926c0574"
            }
          ]
        }
      ],
      "type": [
        "tuple",
        [
          [
            "object",
            {
              "binary_data": [
                "map",
                "string"
              ],
              "data": [
                "map",
                "string"
              ],
              "id": "string",
              "metadata": [
                "list",
                [
                  "object",
                  {
                    "annotations": [
                      "map",
                      "string"
                    ],
                    "generate_name": "string",
                    "generation": "number",
                    "labels": [
                      "map",
                      "string"
                    ],
                    "name": "string",
                    "namespace": "string",
                    "resource_version": "string",
                    "uid": "string"
                  }
                ]
              ]
            }
          ]
        ]
      ]
    },
    "kubectl_config": {
      "value": "apiVersion: v1\npreferences: {}\nkind: Config\n\nclusters:\n- cluster:\n    server: https://52DF31E6D55529C16464A7B0C74B8985.yl4.us-east-1.eks.amazonaws.com\n    certificate-authority-data: LS0tLS1CRUdJTiBDRVJUSUZJQ0FURS0tLS0tCk1JSUM1ekNDQWMrZ0F3SUJBZ0lCQURBTkJna3Foa2lHOXcwQkFRc0ZBREFWTVJNd0VRWURWUVFERXdwcmRXSmwKY201bGRHVnpNQjRYRFRJeE1UQXhNekUzTWpZeE9Wb1hEVE14TVRBeE1URTNNall4T1Zvd0ZURVRNQkVHQTFVRQpBeE1LYTNWaVpYSnVaWFJsY3pDQ0FTSXdEUVlKS29aSWh2Y05BUUVCQlFBRGdnRVBBRENDQVFvQ2dnRUJBSzgrCnJpSnFsYS9DbDgxRjJJN0gyY205U29IYkpNUUhWOUQ4YmdhaCtLMnpJVnZnRkJSbE9sV2lIbHZQY0dQMWNVenAKS004TEJmdWUya0hSOTRPejU3MVdRR2MvTFM5bFBPR3ZabDMwMWN3ekt3UDdNbWFHNzdIV20ycHIwMkIyK2hJOApYWG9OSTYrZk0xSHppMGpEYlBoUjFtRy8rdHRrTEhSTDBnbHFYb1FaaGZjVlBuUE5aSXUyY0hkVmtLOVZQZ1hDCk1qbGkrdGNkZERRdnBmQkZWOEtkRWlkWStQdVpTRDhjbFpNZkNIWEs5ODZmMGRxRURUcWo3ZXhKRmlHbkFBTjgKSnJuRkFoelUrbHlqblRXQ0ZUVWEwL2psdVRqenh0VkZnekp5N3h0MVNreE9UR3FQNW81MXpuWTBmM3VOdDEydwp4QllvUW5OWG9HZi9sY2tpNVNzQ0F3RUFBYU5DTUVBd0RnWURWUjBQQVFIL0JBUURBZ0trTUE4R0ExVWRFd0VCCi93UUZNQU1CQWY4d0hRWURWUjBPQkJZRUZFbXFiYjFLNzFVSjZkZTNRd01DZTVFa3hFRzhNQTBHQ1NxR1NJYjMKRFFFQkN3VUFBNElCQVFCVjZXR09ic1ZSdU1IOUhOSEk1aHFzZVJaNnZWbWZaQnN5cE1uM1hoMlNnT0lyOFBNMwp1bG82LzhWa3pQZU5JVWlIb1B1d2x2NWhCeUhETDRVY2NiRUlVUU9Hd3E2NlpFNGo2NUduL2laVjZqWndTckRBCmFQQkYyV3BYYWRXWUxsT21rWjF0OEFMWjMzSnlxdDB3UHVnTjlaRDgzUHRxeHBWUXoySDA2NDlZQzhKam05ckcKNHl5SHpBVldwV2xvdHlic25mV2RLRk5McEJVQlJUK1I0QUc5T0ZPSXgyR1c1QjhQWDIzanRybTFwNGloNVVwWgpjR20rNnY4U05Yajk1Y2NGN21HM3luUG1IMWhJcnlwcEhTVWNpMCthY2gwT1E1M2VpTUI5WldxUGxxL0d4dUxHClJiYTMxWjFCT1FyNEgrT1l1ZXRkRUl6UUlqUStDTldTbENrbwotLS0tLUVORCBDRVJUSUZJQ0FURS0tLS0tCg==\n  name: eks_mktst-nginx\n\ncontexts:\n- context:\n    cluster: eks_mktst-nginx\n    user: eks_mktst-nginx\n  name: eks_mktst-nginx\n\ncurrent-context: eks_mktst-nginx\n\nusers:\n- name: eks_mktst-nginx\n  user:\n    exec:\n      apiVersion: client.authentication.k8s.io/v1alpha1\n      command: aws-iam-authenticator\n      args:\n        - \"token\"\n        - \"-i\"\n        - \"mktst-nginx\"\n",
      "type": "string"
    }
  },
  "resources": [
    {
      "mode": "data",
      "type": "aws_eks_cluster",
      "name": "cluster",
      "provider": "provider[\"registry.terraform.io/hashicorp/aws\"]",
      "instances": [
        {
          "schema_version": 0,
          "attributes": {
            "arn": "arn:aws:eks:us-east-1:051126537531:cluster/mktst-nginx",
            "certificate_authority": [
              {
                "data": "LS0tLS1CRUdJTiBDRVJUSUZJQ0FURS0tLS0tCk1JSUM1ekNDQWMrZ0F3SUJBZ0lCQURBTkJna3Foa2lHOXcwQkFRc0ZBREFWTVJNd0VRWURWUVFERXdwcmRXSmwKY201bGRHVnpNQjRYRFRJeE1UQXhNekUzTWpZeE9Wb1hEVE14TVRBeE1URTNNall4T1Zvd0ZURVRNQkVHQTFVRQpBeE1LYTNWaVpYSnVaWFJsY3pDQ0FTSXdEUVlKS29aSWh2Y05BUUVCQlFBRGdnRVBBRENDQVFvQ2dnRUJBSzgrCnJpSnFsYS9DbDgxRjJJN0gyY205U29IYkpNUUhWOUQ4YmdhaCtLMnpJVnZnRkJSbE9sV2lIbHZQY0dQMWNVenAKS004TEJmdWUya0hSOTRPejU3MVdRR2MvTFM5bFBPR3ZabDMwMWN3ekt3UDdNbWFHNzdIV20ycHIwMkIyK2hJOApYWG9OSTYrZk0xSHppMGpEYlBoUjFtRy8rdHRrTEhSTDBnbHFYb1FaaGZjVlBuUE5aSXUyY0hkVmtLOVZQZ1hDCk1qbGkrdGNkZERRdnBmQkZWOEtkRWlkWStQdVpTRDhjbFpNZkNIWEs5ODZmMGRxRURUcWo3ZXhKRmlHbkFBTjgKSnJuRkFoelUrbHlqblRXQ0ZUVWEwL2psdVRqenh0VkZnekp5N3h0MVNreE9UR3FQNW81MXpuWTBmM3VOdDEydwp4QllvUW5OWG9HZi9sY2tpNVNzQ0F3RUFBYU5DTUVBd0RnWURWUjBQQVFIL0JBUURBZ0trTUE4R0ExVWRFd0VCCi93UUZNQU1CQWY4d0hRWURWUjBPQkJZRUZFbXFiYjFLNzFVSjZkZTNRd01DZTVFa3hFRzhNQTBHQ1NxR1NJYjMKRFFFQkN3VUFBNElCQVFCVjZXR09ic1ZSdU1IOUhOSEk1aHFzZVJaNnZWbWZaQnN5cE1uM1hoMlNnT0lyOFBNMwp1bG82LzhWa3pQZU5JVWlIb1B1d2x2NWhCeUhETDRVY2NiRUlVUU9Hd3E2NlpFNGo2NUduL2laVjZqWndTckRBCmFQQkYyV3BYYWRXWUxsT21rWjF0OEFMWjMzSnlxdDB3UHVnTjlaRDgzUHRxeHBWUXoySDA2NDlZQzhKam05ckcKNHl5SHpBVldwV2xvdHlic25mV2RLRk5McEJVQlJUK1I0QUc5T0ZPSXgyR1c1QjhQWDIzanRybTFwNGloNVVwWgpjR20rNnY4U05Yajk1Y2NGN21HM3luUG1IMWhJcnlwcEhTVWNpMCthY2gwT1E1M2VpTUI5WldxUGxxL0d4dUxHClJiYTMxWjFCT1FyNEgrT1l1ZXRkRUl6UUlqUStDTldTbENrbwotLS0tLUVORCBDRVJUSUZJQ0FURS0tLS0tCg=="
              }
            ],
            "created_at": "2021-10-13 17:19:21.781 +0000 UTC",
            "enabled_cluster_log_types": [],
            "endpoint": "https://52DF31E6D55529C16464A7B0C74B8985.yl4.us-east-1.eks.amazonaws.com",
            "id": "mktst-nginx",
            "identity": [
              {
                "oidc": [
                  {
                    "issuer": "https://oidc.eks.us-east-1.amazonaws.com/id/52DF31E6D55529C16464A7B0C74B8985"
                  }
                ]
              }
            ],
            "kubernetes_network_config": [
              {
                "service_ipv4_cidr": "172.20.0.0/16"
              }
            ],
            "name": "mktst-nginx",
            "platform_version": "eks.2",
            "role_arn": "arn:aws:iam::051126537531:role/VotingAppRole",
            "status": "ACTIVE",
            "tags": {
              "Environment": "test",
              "GithubOrg": "terraform-aws-modules",
              "GithubRepo": "terraform-aws-eks"
            },
            "version": "1.21",
            "vpc_config": [
              {
                "cluster_security_group_id": "sg-064a0363074be4774",
                "endpoint_private_access": true,
                "endpoint_public_access": true,
                "public_access_cidrs": [
                  "0.0.0.0/0"
                ],
                "security_group_ids": [
                  "sg-0138df6a52aabb766"
                ],
                "subnet_ids": [
                  "subnet-027766823d184045f",
                  "subnet-0df0d7fddc8a77d2f"
                ],
                "vpc_id": "vpc-0665efb7de3911681"
              }
            ]
          },
          "sensitive_attributes": []
        }
      ]
    },
    {
      "mode": "data",
      "type": "aws_eks_cluster_auth",
      "name": "cluster",
      "provider": "provider[\"registry.terraform.io/hashicorp/aws\"]",
      "instances": [
        {
          "schema_version": 0,
          "attributes": {
            "id": "mktst-nginx",
            "name": "mktst-nginx",
            "token": "k8s-aws-v1.aHR0cHM6Ly9zdHMuYW1hem9uYXdzLmNvbS8_QWN0aW9uPUdldENhbGxlcklkZW50aXR5JlZlcnNpb249MjAxMS0wNi0xNSZYLUFtei1BbGdvcml0aG09QVdTNC1ITUFDLVNIQTI1NiZYLUFtei1DcmVkZW50aWFsPUFLSUFRWFozQkJVNTc2RlNIRlhFJTJGMjAyMTEwMTMlMkZ1cy1lYXN0LTElMkZzdHMlMkZhd3M0X3JlcXVlc3QmWC1BbXotRGF0ZT0yMDIxMTAxM1QxNzM0MzBaJlgtQW16LUV4cGlyZXM9MCZYLUFtei1TaWduZWRIZWFkZXJzPWhvc3QlM0J4LWs4cy1hd3MtaWQmWC1BbXotU2lnbmF0dXJlPTJmOTI4NGQyYmQzNWJiMWNhNzFhZGRhN2NjOTVmNGE5MjQ3ZjhjM2E0YTZjMTdkZDJmNTYyNDM3MmJjNzNlOGY"
          },
          "sensitive_attributes": []
        }
      ]
    },
    {
      "module": "module.eks",
      "mode": "data",
      "type": "aws_caller_identity",
      "name": "current",
      "provider": "provider[\"registry.terraform.io/hashicorp/aws\"]",
      "instances": [
        {
          "schema_version": 0,
          "attributes": {
            "account_id": "051126537531",
            "arn": "arn:aws:iam::051126537531:user/Milind-Admin",
            "id": "051126537531",
            "user_id": "AIDAQXZ3BBU52T4F6QVA6"
          },
          "sensitive_attributes": []
        }
      ]
    },
    {
      "module": "module.eks",
      "mode": "data",
      "type": "aws_iam_policy_document",
      "name": "cluster_assume_role_policy",
      "provider": "provider[\"registry.terraform.io/hashicorp/aws\"]",
      "instances": [
        {
          "schema_version": 0,
          "attributes": {
            "id": "2764486067",
            "json": "{\n  \"Version\": \"2012-10-17\",\n  \"Statement\": [\n    {\n      \"Sid\": \"EKSClusterAssumeRole\",\n      \"Effect\": \"Allow\",\n      \"Action\": \"sts:AssumeRole\",\n      \"Principal\": {\n        \"Service\": \"eks.amazonaws.com\"\n      }\n    }\n  ]\n}",
            "override_json": null,
            "override_policy_documents": null,
            "policy_id": null,
            "source_json": null,
            "source_policy_documents": null,
            "statement": [
              {
                "actions": [
                  "sts:AssumeRole"
                ],
                "condition": [],
                "effect": "Allow",
                "not_actions": [],
                "not_principals": [],
                "not_resources": [],
                "principals": [
                  {
                    "identifiers": [
                      "eks.amazonaws.com"
                    ],
                    "type": "Service"
                  }
                ],
                "resources": [],
                "sid": "EKSClusterAssumeRole"
              }
            ],
            "version": "2012-10-17"
          },
          "sensitive_attributes": []
        }
      ]
    },
    {
      "module": "module.eks",
      "mode": "data",
      "type": "aws_iam_policy_document",
      "name": "workers_assume_role_policy",
      "provider": "provider[\"registry.terraform.io/hashicorp/aws\"]",
      "instances": [
        {
          "schema_version": 0,
          "attributes": {
            "id": "3778018924",
            "json": "{\n  \"Version\": \"2012-10-17\",\n  \"Statement\": [\n    {\n      \"Sid\": \"EKSWorkerAssumeRole\",\n      \"Effect\": \"Allow\",\n      \"Action\": \"sts:AssumeRole\",\n      \"Principal\": {\n        \"Service\": \"ec2.amazonaws.com\"\n      }\n    }\n  ]\n}",
            "override_json": null,
            "override_policy_documents": null,
            "policy_id": null,
            "source_json": null,
            "source_policy_documents": null,
            "statement": [
              {
                "actions": [
                  "sts:AssumeRole"
                ],
                "condition": [],
                "effect": "Allow",
                "not_actions": [],
                "not_principals": [],
                "not_resources": [],
                "principals": [
                  {
                    "identifiers": [
                      "ec2.amazonaws.com"
                    ],
                    "type": "Service"
                  }
                ],
                "resources": [],
                "sid": "EKSWorkerAssumeRole"
              }
            ],
            "version": "2012-10-17"
          },
          "sensitive_attributes": []
        }
      ]
    },
    {
      "module": "module.eks",
      "mode": "data",
      "type": "aws_iam_role",
      "name": "custom_cluster_iam_role",
      "provider": "provider[\"registry.terraform.io/hashicorp/aws\"]",
      "instances": [
        {
          "index_key": 0,
          "schema_version": 0,
          "attributes": {
            "arn": "arn:aws:iam::051126537531:role/VotingAppRole",
            "assume_role_policy": "{\"Version\":\"2012-10-17\",\"Statement\":[{\"Effect\":\"Allow\",\"Principal\":{\"Service\":\"eks.amazonaws.com\"},\"Action\":\"sts:AssumeRole\"}]}",
            "create_date": "2021-07-26T09:16:16Z",
            "description": "Allows access to other AWS service resources that are required to operate clusters managed by EKS.",
            "id": "VotingAppRole",
            "max_session_duration": 3600,
            "name": "VotingAppRole",
            "path": "/",
            "permissions_boundary": "",
            "tags": {
              "App": "VotingApp",
              "Owner": "Milind"
            },
            "unique_id": "AROAQXZ3BBU57LQF37YQB"
          },
          "sensitive_attributes": []
        }
      ]
    },
    {
      "module": "module.eks",
      "mode": "data",
      "type": "aws_partition",
      "name": "current",
      "provider": "provider[\"registry.terraform.io/hashicorp/aws\"]",
      "instances": [
        {
          "schema_version": 0,
          "attributes": {
            "dns_suffix": "amazonaws.com",
            "id": "aws",
            "partition": "aws",
            "reverse_dns_prefix": "com.amazonaws"
          },
          "sensitive_attributes": []
        }
      ]
    },
    {
      "module": "module.eks",
      "mode": "data",
      "type": "http",
      "name": "wait_for_cluster",
      "provider": "provider[\"registry.terraform.io/terraform-aws-modules/http\"]",
      "instances": [
        {
          "index_key": 0,
          "schema_version": 0,
          "attributes": {
            "body": "ok",
            "ca_certificate": "-----BEGIN CERTIFICATE-----\nMIIC5zCCAc+gAwIBAgIBADANBgkqhkiG9w0BAQsFADAVMRMwEQYDVQQDEwprdWJl\ncm5ldGVzMB4XDTIxMTAxMzE3MjYxOVoXDTMxMTAxMTE3MjYxOVowFTETMBEGA1UE\nAxMKa3ViZXJuZXRlczCCASIwDQYJKoZIhvcNAQEBBQADggEPADCCAQoCggEBAK8+\nriJqla/Cl81F2I7H2cm9SoHbJMQHV9D8bgah+K2zIVvgFBRlOlWiHlvPcGP1cUzp\nKM8LBfue2kHR94Oz571WQGc/LS9lPOGvZl301cwzKwP7MmaG77HWm2pr02B2+hI8\nXXoNI6+fM1Hzi0jDbPhR1mG/+ttkLHRL0glqXoQZhfcVPnPNZIu2cHdVkK9VPgXC\nMjli+tcddDQvpfBFV8KdEidY+PuZSD8clZMfCHXK986f0dqEDTqj7exJFiGnAAN8\nJrnFAhzU+lyjnTWCFTUa0/jluTjzxtVFgzJy7xt1SkxOTGqP5o51znY0f3uNt12w\nxBYoQnNXoGf/lcki5SsCAwEAAaNCMEAwDgYDVR0PAQH/BAQDAgKkMA8GA1UdEwEB\n/wQFMAMBAf8wHQYDVR0OBBYEFEmqbb1K71UJ6de3QwMCe5EkxEG8MA0GCSqGSIb3\nDQEBCwUAA4IBAQBV6WGObsVRuMH9HNHI5hqseRZ6vVmfZBsypMn3Xh2SgOIr8PM3\nulo6/8VkzPeNIUiHoPuwlv5hByHDL4UccbEIUQOGwq66ZE4j65Gn/iZV6jZwSrDA\naPBF2WpXadWYLlOmkZ1t8ALZ33Jyqt0wPugN9ZD83PtqxpVQz2H0649YC8Jjm9rG\n4yyHzAVWpWlotybsnfWdKFNLpBUBRT+R4AG9OFOIx2GW5B8PX23jtrm1p4ih5UpZ\ncGm+6v8SNXj95ccF7mG3ynPmH1hIryppHSUci0+ach0OQ53eiMB9ZWqPlq/GxuLG\nRba31Z1BOQr4H+OYuetdEIzQIjQ+CNWSlCko\n-----END CERTIFICATE-----\n",
            "id": "https://52DF31E6D55529C16464A7B0C74B8985.yl4.us-east-1.eks.amazonaws.com/healthz",
            "insecure": false,
            "request_headers": null,
            "response_headers": {
              "Cache-Control": "no-cache, private",
              "Content-Length": "2",
              "Content-Type": "text/plain; charset=utf-8",
              "Date": "Wed, 13 Oct 2021 17:34:30 GMT",
              "X-Content-Type-Options": "nosniff",
              "X-Kubernetes-Pf-Flowschema-Uid": "408b1849-8d3f-4bb8-9778-3cbd71553c76",
              "X-Kubernetes-Pf-Prioritylevel-Uid": "2611abe3-6ac9-4392-a7dd-9b9af94cf8a7"
            },
            "timeout": 300,
            "url": "https://52DF31E6D55529C16464A7B0C74B8985.yl4.us-east-1.eks.amazonaws.com/healthz"
          },
          "sensitive_attributes": []
        }
      ]
    },
    {
      "module": "module.eks",
      "mode": "managed",
      "type": "aws_eks_cluster",
      "name": "this",
      "provider": "provider[\"registry.terraform.io/hashicorp/aws\"]",
      "instances": [
        {
          "index_key": 0,
          "schema_version": 0,
          "attributes": {
            "arn": "arn:aws:eks:us-east-1:051126537531:cluster/mktst-nginx",
            "certificate_authority": [
              {
                "data": "LS0tLS1CRUdJTiBDRVJUSUZJQ0FURS0tLS0tCk1JSUM1ekNDQWMrZ0F3SUJBZ0lCQURBTkJna3Foa2lHOXcwQkFRc0ZBREFWTVJNd0VRWURWUVFERXdwcmRXSmwKY201bGRHVnpNQjRYRFRJeE1UQXhNekUzTWpZeE9Wb1hEVE14TVRBeE1URTNNall4T1Zvd0ZURVRNQkVHQTFVRQpBeE1LYTNWaVpYSnVaWFJsY3pDQ0FTSXdEUVlKS29aSWh2Y05BUUVCQlFBRGdnRVBBRENDQVFvQ2dnRUJBSzgrCnJpSnFsYS9DbDgxRjJJN0gyY205U29IYkpNUUhWOUQ4YmdhaCtLMnpJVnZnRkJSbE9sV2lIbHZQY0dQMWNVenAKS004TEJmdWUya0hSOTRPejU3MVdRR2MvTFM5bFBPR3ZabDMwMWN3ekt3UDdNbWFHNzdIV20ycHIwMkIyK2hJOApYWG9OSTYrZk0xSHppMGpEYlBoUjFtRy8rdHRrTEhSTDBnbHFYb1FaaGZjVlBuUE5aSXUyY0hkVmtLOVZQZ1hDCk1qbGkrdGNkZERRdnBmQkZWOEtkRWlkWStQdVpTRDhjbFpNZkNIWEs5ODZmMGRxRURUcWo3ZXhKRmlHbkFBTjgKSnJuRkFoelUrbHlqblRXQ0ZUVWEwL2psdVRqenh0VkZnekp5N3h0MVNreE9UR3FQNW81MXpuWTBmM3VOdDEydwp4QllvUW5OWG9HZi9sY2tpNVNzQ0F3RUFBYU5DTUVBd0RnWURWUjBQQVFIL0JBUURBZ0trTUE4R0ExVWRFd0VCCi93UUZNQU1CQWY4d0hRWURWUjBPQkJZRUZFbXFiYjFLNzFVSjZkZTNRd01DZTVFa3hFRzhNQTBHQ1NxR1NJYjMKRFFFQkN3VUFBNElCQVFCVjZXR09ic1ZSdU1IOUhOSEk1aHFzZVJaNnZWbWZaQnN5cE1uM1hoMlNnT0lyOFBNMwp1bG82LzhWa3pQZU5JVWlIb1B1d2x2NWhCeUhETDRVY2NiRUlVUU9Hd3E2NlpFNGo2NUduL2laVjZqWndTckRBCmFQQkYyV3BYYWRXWUxsT21rWjF0OEFMWjMzSnlxdDB3UHVnTjlaRDgzUHRxeHBWUXoySDA2NDlZQzhKam05ckcKNHl5SHpBVldwV2xvdHlic25mV2RLRk5McEJVQlJUK1I0QUc5T0ZPSXgyR1c1QjhQWDIzanRybTFwNGloNVVwWgpjR20rNnY4U05Yajk1Y2NGN21HM3luUG1IMWhJcnlwcEhTVWNpMCthY2gwT1E1M2VpTUI5WldxUGxxL0d4dUxHClJiYTMxWjFCT1FyNEgrT1l1ZXRkRUl6UUlqUStDTldTbENrbwotLS0tLUVORCBDRVJUSUZJQ0FURS0tLS0tCg=="
              }
            ],
            "created_at": "2021-10-13 17:19:21.781 +0000 UTC",
            "enabled_cluster_log_types": null,
            "encryption_config": [],
            "endpoint": "https://52DF31E6D55529C16464A7B0C74B8985.yl4.us-east-1.eks.amazonaws.com",
            "id": "mktst-nginx",
            "identity": [
              {
                "oidc": [
                  {
                    "issuer": "https://oidc.eks.us-east-1.amazonaws.com/id/52DF31E6D55529C16464A7B0C74B8985"
                  }
                ]
              }
            ],
            "kubernetes_network_config": [
              {
                "service_ipv4_cidr": "172.20.0.0/16"
              }
            ],
            "name": "mktst-nginx",
            "platform_version": "eks.2",
            "role_arn": "arn:aws:iam::051126537531:role/VotingAppRole",
            "status": "ACTIVE",
            "tags": {
              "Environment": "test",
              "GithubOrg": "terraform-aws-modules",
              "GithubRepo": "terraform-aws-eks"
            },
            "tags_all": {
              "Environment": "test",
              "GithubOrg": "terraform-aws-modules",
              "GithubRepo": "terraform-aws-eks"
            },
            "timeouts": {
              "create": "30m",
              "delete": "15m",
              "update": "60m"
            },
            "version": "1.21",
            "vpc_config": [
              {
                "cluster_security_group_id": "sg-064a0363074be4774",
                "endpoint_private_access": true,
                "endpoint_public_access": true,
                "public_access_cidrs": [
                  "0.0.0.0/0"
                ],
                "security_group_ids": [
                  "sg-0138df6a52aabb766"
                ],
                "subnet_ids": [
                  "subnet-027766823d184045f",
                  "subnet-0df0d7fddc8a77d2f"
                ],
                "vpc_id": "vpc-0665efb7de3911681"
              }
            ]
          },
          "sensitive_attributes": [],
          "private": "eyJlMmJmYjczMC1lY2FhLTExZTYtOGY4OC0zNDM2M2JjN2M0YzAiOnsiY3JlYXRlIjoxODAwMDAwMDAwMDAwLCJkZWxldGUiOjkwMDAwMDAwMDAwMCwidXBkYXRlIjozNjAwMDAwMDAwMDAwfX0=",
          "dependencies": [
            "module.eks.aws_cloudwatch_log_group.this",
            "module.eks.aws_iam_role.cluster",
            "module.eks.aws_iam_role_policy_attachment.cluster_AmazonEKSClusterPolicy",
            "module.eks.aws_iam_role_policy_attachment.cluster_AmazonEKSServicePolicy",
            "module.eks.aws_iam_role_policy_attachment.cluster_AmazonEKSVPCResourceControllerPolicy",
            "module.eks.aws_security_group.cluster",
            "module.eks.aws_security_group.workers",
            "module.eks.aws_security_group_rule.cluster_egress_internet",
            "module.eks.aws_security_group_rule.cluster_https_worker_ingress",
            "module.eks.data.aws_iam_role.custom_cluster_iam_role"
          ],
          "create_before_destroy": true
        }
      ]
    },
    {
      "module": "module.eks",
      "mode": "managed",
      "type": "aws_security_group",
      "name": "cluster",
      "provider": "provider[\"registry.terraform.io/hashicorp/aws\"]",
      "instances": [
        {
          "index_key": 0,
          "schema_version": 1,
          "attributes": {
            "arn": "arn:aws:ec2:us-east-1:051126537531:security-group/sg-0138df6a52aabb766",
            "description": "EKS cluster security group.",
            "egress": [],
            "id": "sg-0138df6a52aabb766",
            "ingress": [],
            "name": "mktst-nginx20211013171916551400000002",
            "name_prefix": "mktst-nginx",
            "owner_id": "051126537531",
            "revoke_rules_on_delete": false,
            "tags": {
              "Environment": "test",
              "GithubOrg": "terraform-aws-modules",
              "GithubRepo": "terraform-aws-eks",
              "Name": "mktst-nginx-eks_cluster_sg"
            },
            "tags_all": {
              "Environment": "test",
              "GithubOrg": "terraform-aws-modules",
              "GithubRepo": "terraform-aws-eks",
              "Name": "mktst-nginx-eks_cluster_sg"
            },
            "timeouts": null,
            "vpc_id": "vpc-0665efb7de3911681"
          },
          "sensitive_attributes": [],
          "private": "eyJlMmJmYjczMC1lY2FhLTExZTYtOGY4OC0zNDM2M2JjN2M0YzAiOnsiY3JlYXRlIjo2MDAwMDAwMDAwMDAsImRlbGV0ZSI6OTAwMDAwMDAwMDAwfSwic2NoZW1hX3ZlcnNpb24iOiIxIn0=",
          "create_before_destroy": true
        }
      ]
    },
    {
      "module": "module.eks",
      "mode": "managed",
      "type": "aws_security_group",
      "name": "workers",
      "provider": "provider[\"registry.terraform.io/hashicorp/aws\"]",
      "instances": [
        {
          "index_key": 0,
          "schema_version": 1,
          "attributes": {
            "arn": "arn:aws:ec2:us-east-1:051126537531:security-group/sg-09b0fe4a808bec36f",
            "description": "Security group for all nodes in the cluster.",
            "egress": [],
            "id": "sg-09b0fe4a808bec36f",
            "ingress": [],
            "name": "mktst-nginx20211013171916551100000001",
            "name_prefix": "mktst-nginx",
            "owner_id": "051126537531",
            "revoke_rules_on_delete": false,
            "tags": {
              "Environment": "test",
              "GithubOrg": "terraform-aws-modules",
              "GithubRepo": "terraform-aws-eks",
              "Name": "mktst-nginx-eks_worker_sg",
              "kubernetes.io/cluster/mktst-nginx": "owned"
            },
            "tags_all": {
              "Environment": "test",
              "GithubOrg": "terraform-aws-modules",
              "GithubRepo": "terraform-aws-eks",
              "Name": "mktst-nginx-eks_worker_sg",
              "kubernetes.io/cluster/mktst-nginx": "owned"
            },
            "timeouts": null,
            "vpc_id": "vpc-0665efb7de3911681"
          },
          "sensitive_attributes": [],
          "private": "eyJlMmJmYjczMC1lY2FhLTExZTYtOGY4OC0zNDM2M2JjN2M0YzAiOnsiY3JlYXRlIjo2MDAwMDAwMDAwMDAsImRlbGV0ZSI6OTAwMDAwMDAwMDAwfSwic2NoZW1hX3ZlcnNpb24iOiIxIn0=",
          "create_before_destroy": true
        }
      ]
    },
    {
      "module": "module.eks",
      "mode": "managed",
      "type": "aws_security_group_rule",
      "name": "cluster_egress_internet",
      "provider": "provider[\"registry.terraform.io/hashicorp/aws\"]",
      "instances": [
        {
          "index_key": 0,
          "schema_version": 2,
          "attributes": {
            "cidr_blocks": [
              "0.0.0.0/0"
            ],
            "description": "Allow cluster egress access to the Internet.",
            "from_port": 0,
            "id": "sgrule-872289380",
            "ipv6_cidr_blocks": null,
            "prefix_list_ids": null,
            "protocol": "-1",
            "security_group_id": "sg-0138df6a52aabb766",
            "self": false,
            "source_security_group_id": null,
            "to_port": 0,
            "type": "egress"
          },
          "sensitive_attributes": [],
          "private": "eyJzY2hlbWFfdmVyc2lvbiI6IjIifQ==",
          "dependencies": [
            "module.eks.aws_security_group.cluster"
          ],
          "create_before_destroy": true
        }
      ]
    },
    {
      "module": "module.eks",
      "mode": "managed",
      "type": "aws_security_group_rule",
      "name": "cluster_https_worker_ingress",
      "provider": "provider[\"registry.terraform.io/hashicorp/aws\"]",
      "instances": [
        {
          "index_key": 0,
          "schema_version": 2,
          "attributes": {
            "cidr_blocks": null,
            "description": "Allow pods to communicate with the EKS cluster API.",
            "from_port": 443,
            "id": "sgrule-3817383198",
            "ipv6_cidr_blocks": null,
            "prefix_list_ids": null,
            "protocol": "tcp",
            "security_group_id": "sg-0138df6a52aabb766",
            "self": false,
            "source_security_group_id": "sg-09b0fe4a808bec36f",
            "to_port": 443,
            "type": "ingress"
          },
          "sensitive_attributes": [],
          "private": "eyJzY2hlbWFfdmVyc2lvbiI6IjIifQ==",
          "dependencies": [
            "module.eks.aws_security_group.cluster",
            "module.eks.aws_security_group.workers"
          ],
          "create_before_destroy": true
        }
      ]
    },
    {
      "module": "module.eks",
      "mode": "managed",
      "type": "aws_security_group_rule",
      "name": "workers_egress_internet",
      "provider": "provider[\"registry.terraform.io/hashicorp/aws\"]",
      "instances": [
        {
          "index_key": 0,
          "schema_version": 2,
          "attributes": {
            "cidr_blocks": [
              "0.0.0.0/0"
            ],
            "description": "Allow nodes all egress to the Internet.",
            "from_port": 0,
            "id": "sgrule-3319678078",
            "ipv6_cidr_blocks": null,
            "prefix_list_ids": null,
            "protocol": "-1",
            "security_group_id": "sg-09b0fe4a808bec36f",
            "self": false,
            "source_security_group_id": null,
            "to_port": 0,
            "type": "egress"
          },
          "sensitive_attributes": [],
          "private": "eyJzY2hlbWFfdmVyc2lvbiI6IjIifQ==",
          "dependencies": [
            "module.eks.aws_security_group.workers"
          ]
        }
      ]
    },
    {
      "module": "module.eks",
      "mode": "managed",
      "type": "aws_security_group_rule",
      "name": "workers_ingress_cluster",
      "provider": "provider[\"registry.terraform.io/hashicorp/aws\"]",
      "instances": [
        {
          "index_key": 0,
          "schema_version": 2,
          "attributes": {
            "cidr_blocks": null,
            "description": "Allow workers pods to receive communication from the cluster control plane.",
            "from_port": 1025,
            "id": "sgrule-3556542475",
            "ipv6_cidr_blocks": null,
            "prefix_list_ids": null,
            "protocol": "tcp",
            "security_group_id": "sg-09b0fe4a808bec36f",
            "self": false,
            "source_security_group_id": "sg-0138df6a52aabb766",
            "to_port": 65535,
            "type": "ingress"
          },
          "sensitive_attributes": [],
          "private": "eyJzY2hlbWFfdmVyc2lvbiI6IjIifQ==",
          "dependencies": [
            "module.eks.aws_security_group.cluster",
            "module.eks.aws_security_group.workers"
          ]
        }
      ]
    },
    {
      "module": "module.eks",
      "mode": "managed",
      "type": "aws_security_group_rule",
      "name": "workers_ingress_cluster_https",
      "provider": "provider[\"registry.terraform.io/hashicorp/aws\"]",
      "instances": [
        {
          "index_key": 0,
          "schema_version": 2,
          "attributes": {
            "cidr_blocks": null,
            "description": "Allow pods running extension API servers on port 443 to receive communication from cluster control plane.",
            "from_port": 443,
            "id": "sgrule-302404251",
            "ipv6_cidr_blocks": null,
            "prefix_list_ids": null,
            "protocol": "tcp",
            "security_group_id": "sg-09b0fe4a808bec36f",
            "self": false,
            "source_security_group_id": "sg-0138df6a52aabb766",
            "to_port": 443,
            "type": "ingress"
          },
          "sensitive_attributes": [],
          "private": "eyJzY2hlbWFfdmVyc2lvbiI6IjIifQ==",
          "dependencies": [
            "module.eks.aws_security_group.cluster",
            "module.eks.aws_security_group.workers"
          ]
        }
      ]
    },
    {
      "module": "module.eks",
      "mode": "managed",
      "type": "aws_security_group_rule",
      "name": "workers_ingress_self",
      "provider": "provider[\"registry.terraform.io/hashicorp/aws\"]",
      "instances": [
        {
          "index_key": 0,
          "schema_version": 2,
          "attributes": {
            "cidr_blocks": null,
            "description": "Allow node to communicate with each other.",
            "from_port": 0,
            "id": "sgrule-3573281360",
            "ipv6_cidr_blocks": null,
            "prefix_list_ids": null,
            "protocol": "-1",
            "security_group_id": "sg-09b0fe4a808bec36f",
            "self": false,
            "source_security_group_id": "sg-09b0fe4a808bec36f",
            "to_port": 65535,
            "type": "ingress"
          },
          "sensitive_attributes": [],
          "private": "eyJzY2hlbWFfdmVyc2lvbiI6IjIifQ==",
          "dependencies": [
            "module.eks.aws_security_group.workers"
          ]
        }
      ]
    },
    {
      "module": "module.eks",
      "mode": "managed",
      "type": "kubernetes_config_map",
      "name": "aws_auth",
      "provider": "provider[\"registry.terraform.io/hashicorp/kubernetes\"]",
      "instances": [
        {
          "index_key": 0,
          "schema_version": 0,
          "attributes": {
            "binary_data": null,
            "data": {
              "mapAccounts": "[]\n",
              "mapRoles": "- \"groups\":\n  - \"system:bootstrappers\"\n  - \"system:nodes\"\n  \"rolearn\": \"arn:aws:iam::051126537531:role/NodeInstanceRole\"\n  \"username\": \"system:node:{{EC2PrivateDNSName}}\"\n",
              "mapUsers": "[]\n"
            },
            "id": "kube-system/aws-auth",
            "metadata": [
              {
                "annotations": null,
                "generate_name": "",
                "generation": 0,
                "labels": {
                  "app.kubernetes.io/managed-by": "Terraform",
                  "terraform.io/module": "terraform-aws-modules.eks.aws"
                },
                "name": "aws-auth",
                "namespace": "kube-system",
                "resource_version": "1193",
                "uid": "337a9997-d6cf-4433-87cb-611d926c0574"
              }
            ]
          },
          "sensitive_attributes": [],
          "private": "bnVsbA==",
          "dependencies": [
            "data.aws_eks_cluster.cluster",
            "data.aws_eks_cluster_auth.cluster",
            "module.eks.aws_cloudwatch_log_group.this",
            "module.eks.aws_eks_cluster.this",
            "module.eks.aws_iam_instance_profile.workers",
            "module.eks.aws_iam_instance_profile.workers_launch_template",
            "module.eks.aws_iam_role.cluster",
            "module.eks.aws_iam_role.workers",
            "module.eks.aws_iam_role_policy_attachment.cluster_AmazonEKSClusterPolicy",
            "module.eks.aws_iam_role_policy_attachment.cluster_AmazonEKSServicePolicy",
            "module.eks.aws_iam_role_policy_attachment.cluster_AmazonEKSVPCResourceControllerPolicy",
            "module.eks.aws_security_group.cluster",
            "module.eks.aws_security_group.workers",
            "module.eks.aws_security_group_rule.cluster_egress_internet",
            "module.eks.aws_security_group_rule.cluster_https_worker_ingress",
            "module.eks.aws_security_group_rule.cluster_private_access_cidrs_source",
            "module.eks.aws_security_group_rule.cluster_private_access_sg_source",
            "module.eks.data.aws_ami.eks_worker",
            "module.eks.data.aws_ami.eks_worker_windows",
            "module.eks.data.aws_caller_identity.current",
            "module.eks.data.aws_iam_instance_profile.custom_worker_group_iam_instance_profile",
            "module.eks.data.aws_iam_instance_profile.custom_worker_group_launch_template_iam_instance_profile",
            "module.eks.data.aws_iam_role.custom_cluster_iam_role",
            "module.eks.data.aws_partition.current",
            "module.eks.data.http.wait_for_cluster",
            "module.eks.module.fargate.aws_iam_role.eks_fargate_pod",
            "module.eks.module.fargate.data.aws_iam_role.custom_fargate_iam_role"
          ],
          "create_before_destroy": true
        }
      ]
    },
    {
      "module": "module.eks",
      "mode": "managed",
      "type": "local_file",
      "name": "kubeconfig",
      "provider": "provider[\"registry.terraform.io/hashicorp/local\"]",
      "instances": [
        {
          "index_key": 0,
          "schema_version": 0,
          "attributes": {
            "content": "apiVersion: v1\npreferences: {}\nkind: Config\n\nclusters:\n- cluster:\n    server: https://52DF31E6D55529C16464A7B0C74B8985.yl4.us-east-1.eks.amazonaws.com\n    certificate-authority-data: LS0tLS1CRUdJTiBDRVJUSUZJQ0FURS0tLS0tCk1JSUM1ekNDQWMrZ0F3SUJBZ0lCQURBTkJna3Foa2lHOXcwQkFRc0ZBREFWTVJNd0VRWURWUVFERXdwcmRXSmwKY201bGRHVnpNQjRYRFRJeE1UQXhNekUzTWpZeE9Wb1hEVE14TVRBeE1URTNNall4T1Zvd0ZURVRNQkVHQTFVRQpBeE1LYTNWaVpYSnVaWFJsY3pDQ0FTSXdEUVlKS29aSWh2Y05BUUVCQlFBRGdnRVBBRENDQVFvQ2dnRUJBSzgrCnJpSnFsYS9DbDgxRjJJN0gyY205U29IYkpNUUhWOUQ4YmdhaCtLMnpJVnZnRkJSbE9sV2lIbHZQY0dQMWNVenAKS004TEJmdWUya0hSOTRPejU3MVdRR2MvTFM5bFBPR3ZabDMwMWN3ekt3UDdNbWFHNzdIV20ycHIwMkIyK2hJOApYWG9OSTYrZk0xSHppMGpEYlBoUjFtRy8rdHRrTEhSTDBnbHFYb1FaaGZjVlBuUE5aSXUyY0hkVmtLOVZQZ1hDCk1qbGkrdGNkZERRdnBmQkZWOEtkRWlkWStQdVpTRDhjbFpNZkNIWEs5ODZmMGRxRURUcWo3ZXhKRmlHbkFBTjgKSnJuRkFoelUrbHlqblRXQ0ZUVWEwL2psdVRqenh0VkZnekp5N3h0MVNreE9UR3FQNW81MXpuWTBmM3VOdDEydwp4QllvUW5OWG9HZi9sY2tpNVNzQ0F3RUFBYU5DTUVBd0RnWURWUjBQQVFIL0JBUURBZ0trTUE4R0ExVWRFd0VCCi93UUZNQU1CQWY4d0hRWURWUjBPQkJZRUZFbXFiYjFLNzFVSjZkZTNRd01DZTVFa3hFRzhNQTBHQ1NxR1NJYjMKRFFFQkN3VUFBNElCQVFCVjZXR09ic1ZSdU1IOUhOSEk1aHFzZVJaNnZWbWZaQnN5cE1uM1hoMlNnT0lyOFBNMwp1bG82LzhWa3pQZU5JVWlIb1B1d2x2NWhCeUhETDRVY2NiRUlVUU9Hd3E2NlpFNGo2NUduL2laVjZqWndTckRBCmFQQkYyV3BYYWRXWUxsT21rWjF0OEFMWjMzSnlxdDB3UHVnTjlaRDgzUHRxeHBWUXoySDA2NDlZQzhKam05ckcKNHl5SHpBVldwV2xvdHlic25mV2RLRk5McEJVQlJUK1I0QUc5T0ZPSXgyR1c1QjhQWDIzanRybTFwNGloNVVwWgpjR20rNnY4U05Yajk1Y2NGN21HM3luUG1IMWhJcnlwcEhTVWNpMCthY2gwT1E1M2VpTUI5WldxUGxxL0d4dUxHClJiYTMxWjFCT1FyNEgrT1l1ZXRkRUl6UUlqUStDTldTbENrbwotLS0tLUVORCBDRVJUSUZJQ0FURS0tLS0tCg==\n  name: eks_mktst-nginx\n\ncontexts:\n- context:\n    cluster: eks_mktst-nginx\n    user: eks_mktst-nginx\n  name: eks_mktst-nginx\n\ncurrent-context: eks_mktst-nginx\n\nusers:\n- name: eks_mktst-nginx\n  user:\n    exec:\n      apiVersion: client.authentication.k8s.io/v1alpha1\n      command: aws-iam-authenticator\n      args:\n        - \"token\"\n        - \"-i\"\n        - \"mktst-nginx\"\n",
            "content_base64": null,
            "directory_permission": "0755",
            "file_permission": "0600",
            "filename": "./kubeconfig_mktst-nginx",
            "id": "1083fc7c719c19d0a9f86b5ffe7842b8f142a8f6",
            "sensitive_content": null,
            "source": null
          },
          "sensitive_attributes": [],
          "private": "bnVsbA==",
          "dependencies": [
            "module.eks.aws_cloudwatch_log_group.this",
            "module.eks.aws_eks_cluster.this",
            "module.eks.aws_iam_role.cluster",
            "module.eks.aws_iam_role_policy_attachment.cluster_AmazonEKSClusterPolicy",
            "module.eks.aws_iam_role_policy_attachment.cluster_AmazonEKSServicePolicy",
            "module.eks.aws_iam_role_policy_attachment.cluster_AmazonEKSVPCResourceControllerPolicy",
            "module.eks.aws_security_group.cluster",
            "module.eks.aws_security_group.workers",
            "module.eks.aws_security_group_rule.cluster_egress_internet",
            "module.eks.aws_security_group_rule.cluster_https_worker_ingress",
            "module.eks.data.aws_iam_role.custom_cluster_iam_role"
          ]
        }
      ]
    },
    {
      "module": "module.eks.module.fargate",
      "mode": "data",
      "type": "aws_partition",
      "name": "current",
      "provider": "provider[\"registry.terraform.io/hashicorp/aws\"]",
      "instances": [
        {
          "schema_version": 0,
          "attributes": {
            "dns_suffix": "amazonaws.com",
            "id": "aws",
            "partition": "aws",
            "reverse_dns_prefix": "com.amazonaws"
          },
          "sensitive_attributes": []
        }
      ]
    },
    {
      "module": "module.eks.module.node_groups",
      "mode": "managed",
      "type": "aws_eks_node_group",
      "name": "workers",
      "provider": "provider[\"registry.terraform.io/hashicorp/aws\"]",
      "instances": [
        {
          "index_key": "example",
          "schema_version": 0,
          "attributes": {
            "ami_type": "AL2_x86_64",
            "arn": "arn:aws:eks:us-east-1:051126537531:nodegroup/mktst-nginx/mktst-nginx-example20211013173431933800000003/dabe3d5c-2858-5af4-b7f3-2f35c62ddc9a",
            "capacity_type": "SPOT",
            "cluster_name": "mktst-nginx",
            "disk_size": 20,
            "force_update_version": null,
            "id": "mktst-nginx:mktst-nginx-example20211013173431933800000003",
            "instance_types": [
              "t2.small"
            ],
            "labels": {
              "Environment": "test",
              "GithubOrg": "terraform-aws-modules",
              "GithubRepo": "terraform-aws-eks"
            },
            "launch_template": [],
            "node_group_name": "mktst-nginx-example20211013173431933800000003",
            "node_group_name_prefix": "mktst-nginx-example",
            "node_role_arn": "arn:aws:iam::051126537531:role/NodeInstanceRole",
            "release_version": "1.21.4-20211008",
            "remote_access": [],
            "resources": [
              {
                "autoscaling_groups": [
                  {
                    "name": "eks-mktst-nginx-example20211013173431933800000003-dabe3d5c-2858-5af4-b7f3-2f35c62ddc9a"
                  }
                ],
                "remote_access_security_group_id": ""
              }
            ],
            "scaling_config": [
              {
                "desired_size": 2,
                "max_size": 2,
                "min_size": 2
              }
            ],
            "status": "ACTIVE",
            "subnet_ids": [
              "subnet-027766823d184045f",
              "subnet-0df0d7fddc8a77d2f"
            ],
            "tags": {
              "Environment": "test",
              "GithubOrg": "terraform-aws-modules",
              "GithubRepo": "terraform-aws-eks"
            },
            "tags_all": {
              "Environment": "test",
              "GithubOrg": "terraform-aws-modules",
              "GithubRepo": "terraform-aws-eks"
            },
            "taint": [],
            "timeouts": {
              "create": null,
              "delete": null,
              "update": null
            },
            "update_config": [
              {
                "max_unavailable": 0,
                "max_unavailable_percentage": 50
              }
            ],
            "version": "1.21"
          },
          "sensitive_attributes": [],
          "private": "eyJlMmJmYjczMC1lY2FhLTExZTYtOGY4OC0zNDM2M2JjN2M0YzAiOnsiY3JlYXRlIjozNjAwMDAwMDAwMDAwLCJkZWxldGUiOjM2MDAwMDAwMDAwMDAsInVwZGF0ZSI6MzYwMDAwMDAwMDAwMH19",
          "dependencies": [
            "data.aws_eks_cluster.cluster",
            "data.aws_eks_cluster_auth.cluster",
            "module.eks.aws_cloudwatch_log_group.this",
            "module.eks.aws_eks_cluster.this",
            "module.eks.aws_iam_instance_profile.workers",
            "module.eks.aws_iam_instance_profile.workers_launch_template",
            "module.eks.aws_iam_role.cluster",
            "module.eks.aws_iam_role.workers",
            "module.eks.aws_iam_role_policy_attachment.cluster_AmazonEKSClusterPolicy",
            "module.eks.aws_iam_role_policy_attachment.cluster_AmazonEKSServicePolicy",
            "module.eks.aws_iam_role_policy_attachment.cluster_AmazonEKSVPCResourceControllerPolicy",
            "module.eks.aws_iam_role_policy_attachment.workers_AmazonEC2ContainerRegistryReadOnly",
            "module.eks.aws_iam_role_policy_attachment.workers_AmazonEKSWorkerNodePolicy",
            "module.eks.aws_iam_role_policy_attachment.workers_AmazonEKS_CNI_Policy",
            "module.eks.aws_security_group.cluster",
            "module.eks.aws_security_group.workers",
            "module.eks.aws_security_group_rule.cluster_egress_internet",
            "module.eks.aws_security_group_rule.cluster_https_worker_ingress",
            "module.eks.aws_security_group_rule.cluster_private_access_cidrs_source",
            "module.eks.aws_security_group_rule.cluster_private_access_sg_source",
            "module.eks.data.aws_ami.eks_worker",
            "module.eks.data.aws_ami.eks_worker_windows",
            "module.eks.data.aws_caller_identity.current",
            "module.eks.data.aws_iam_instance_profile.custom_worker_group_iam_instance_profile",
            "module.eks.data.aws_iam_instance_profile.custom_worker_group_launch_template_iam_instance_profile",
            "module.eks.data.aws_iam_role.custom_cluster_iam_role",
            "module.eks.data.aws_partition.current",
            "module.eks.data.http.wait_for_cluster",
            "module.eks.kubernetes_config_map.aws_auth",
            "module.eks.module.fargate.aws_iam_role.eks_fargate_pod",
            "module.eks.module.fargate.data.aws_iam_role.custom_fargate_iam_role",
            "module.eks.module.node_groups.aws_launch_template.workers"
          ],
          "create_before_destroy": true
        }
      ]
    }
  ]
}
