{
  "version": 4,
  "terraform_version": "1.0.9",
  "serial": 274,
  "lineage": "2ebeeff5-45ee-9ec1-b767-bbee9c3d9d1c",
  "outputs": {
    "cluster_endpoint": {
      "value": "https://2D9315EA91AAB496CE8256BEAABCAC8A.yl4.us-east-1.eks.amazonaws.com",
      "type": "string"
    },
    "cluster_id": {
      "value": "mktst-nginx",
      "type": "string"
    },
    "cluster_name": {
      "value": "mktst-nginx",
      "type": "string"
    },
    "cluster_security_group_id": {
      "value": "sg-06d46783d8c3b4116",
      "type": "string"
    },
    "config_map_aws_auth": {
      "value": [
        {
          "binary_data": null,
          "data": {
            "mapAccounts": "[]\n",
            "mapRoles": "- \"groups\":\n  - \"system:bootstrappers\"\n  - \"system:nodes\"\n  \"rolearn\": \"arn:aws:iam::051126537531:role/NodeInstanceRole\"\n  \"username\": \"system:node:{{EC2PrivateDNSName}}\"\n",
            "mapUsers": "[]\n"
          },
          "id": "kube-system/aws-auth",
          "metadata": [
            {
              "annotations": null,
              "generate_name": "",
              "generation": 0,
              "labels": {
                "app.kubernetes.io/managed-by": "Terraform",
                "terraform.io/module": "terraform-aws-modules.eks.aws"
              },
              "name": "aws-auth",
              "namespace": "kube-system",
              "resource_version": "1118",
              "uid": "44e7864a-2f25-4c35-ac36-ea6c8bd8fd11"
            }
          ]
        }
      ],
      "type": [
        "tuple",
        [
          [
            "object",
            {
              "binary_data": [
                "map",
                "string"
              ],
              "data": [
                "map",
                "string"
              ],
              "id": "string",
              "metadata": [
                "list",
                [
                  "object",
                  {
                    "annotations": [
                      "map",
                      "string"
                    ],
                    "generate_name": "string",
                    "generation": "number",
                    "labels": [
                      "map",
                      "string"
                    ],
                    "name": "string",
                    "namespace": "string",
                    "resource_version": "string",
                    "uid": "string"
                  }
                ]
              ]
            }
          ]
        ]
      ]
    },
    "kubectl_config": {
      "value": "apiVersion: v1\npreferences: {}\nkind: Config\n\nclusters:\n- cluster:\n    server: https://2D9315EA91AAB496CE8256BEAABCAC8A.yl4.us-east-1.eks.amazonaws.com\n    certificate-authority-data: LS0tLS1CRUdJTiBDRVJUSUZJQ0FURS0tLS0tCk1JSUM1ekNDQWMrZ0F3SUJBZ0lCQURBTkJna3Foa2lHOXcwQkFRc0ZBREFWTVJNd0VRWURWUVFERXdwcmRXSmwKY201bGRHVnpNQjRYRFRJeE1UQXhOekEyTlRVMU1Gb1hEVE14TVRBeE5UQTJOVFUxTUZvd0ZURVRNQkVHQTFVRQpBeE1LYTNWaVpYSnVaWFJsY3pDQ0FTSXdEUVlKS29aSWh2Y05BUUVCQlFBRGdnRVBBRENDQVFvQ2dnRUJBTW9uCkRFdVQyQnpqY25KMVNha29Mc3g4MDNNVHZJRUdiVTFKR1hwejhqTHQwaFVORE9BTjdyb01LWGthRGZNSVk1TFIKdm5ERVYvR2tHcUxlOWs3TjBxOU5ib0g4Snh0K1RwZHZIU3FsWXY4TXZVVlpsa0lHSXJjZ242eFVseURWUkJ5dQpqS0hqWkZveGdzRG1CNTFqSEpBN0taRzFHcTNMYVRLa29PUEkxcXRQMEl3ZEJpRVVjNVRjUE9xaDM0akdubDZwCnU4T3cyMWNGNytpaVFxZ2NKQzdDdEVjVHplR1FuenhSdXdJU3lkZk1XaHFkTStUNzhXWmdXdkV5YVJVUEI0R2IKblNtenYxaEZDK3R2MlFxNlBYOFR2dWVhNTY1MzZyWGZQK0c2VDF6cVhPbWZ1ejVNWSt3a1BDYVRIb3pmVnJ0YwpnbjhxNTJxZml0bW00K2JVWWhVQ0F3RUFBYU5DTUVBd0RnWURWUjBQQVFIL0JBUURBZ0trTUE4R0ExVWRFd0VCCi93UUZNQU1CQWY4d0hRWURWUjBPQkJZRUZHemozN3BKL2czUW82MWpaY2tHNDY0YTdRa3lNQTBHQ1NxR1NJYjMKRFFFQkN3VUFBNElCQVFDajVrdmdjeFlYNUFsbkdmUVdQd04vY2NhR2JKV01TS1R4eGhvQ2dZTFUyb0g1WHFwSQpQSGJXUXpXZlIyTDdtNnJGN001dFJRM1p6UkhVU1d0dk84RTBvOWU5Wmh5TnZpTVhhMi95eWZ2aWhwZEdKclhFCkxZbWhoU1I0ZFZKbXlaOHBQMGFVcE01by9rdkNGKzIzR1lpSnE4ZHJJdW5TSnZlaHFBL3krZkJjNGZnSDRUZlQKMllTRTJUdEhjcE5LTVlPbXU3c1dXTXJtVUtJdTJQY25PeXpkUmFwclJVc1F1Vk5XQTZEaVNldER1Qng0cWdKRgpjZEU4aTJic2xNS2t6ZnRPTHY2UlpUcGs5Z1hZVnlmVEZZYXZnTWlDREdMOU1FK2JKVkJ4MGJNMkt1clJqWVU2Ck4rT05ha2xNZm5DeWhMWVNoV1hEb3ZpbnFYYy9EWXQ4VXM3VgotLS0tLUVORCBDRVJUSUZJQ0FURS0tLS0tCg==\n  name: eks_mktst-nginx\n\ncontexts:\n- context:\n    cluster: eks_mktst-nginx\n    user: eks_mktst-nginx\n  name: eks_mktst-nginx\n\ncurrent-context: eks_mktst-nginx\n\nusers:\n- name: eks_mktst-nginx\n  user:\n    exec:\n      apiVersion: client.authentication.k8s.io/v1alpha1\n      command: aws-iam-authenticator\n      args:\n        - \"token\"\n        - \"-i\"\n        - \"mktst-nginx\"\n",
      "type": "string"
    }
  },
  "resources": [
    {
      "mode": "data",
      "type": "aws_eks_cluster",
      "name": "cluster",
      "provider": "provider[\"registry.terraform.io/hashicorp/aws\"]",
      "instances": [
        {
          "schema_version": 0,
          "attributes": {
            "arn": "arn:aws:eks:us-east-1:051126537531:cluster/mktst-nginx",
            "certificate_authority": [
              {
                "data": "LS0tLS1CRUdJTiBDRVJUSUZJQ0FURS0tLS0tCk1JSUM1ekNDQWMrZ0F3SUJBZ0lCQURBTkJna3Foa2lHOXcwQkFRc0ZBREFWTVJNd0VRWURWUVFERXdwcmRXSmwKY201bGRHVnpNQjRYRFRJeE1UQXhOekEyTlRVMU1Gb1hEVE14TVRBeE5UQTJOVFUxTUZvd0ZURVRNQkVHQTFVRQpBeE1LYTNWaVpYSnVaWFJsY3pDQ0FTSXdEUVlKS29aSWh2Y05BUUVCQlFBRGdnRVBBRENDQVFvQ2dnRUJBTW9uCkRFdVQyQnpqY25KMVNha29Mc3g4MDNNVHZJRUdiVTFKR1hwejhqTHQwaFVORE9BTjdyb01LWGthRGZNSVk1TFIKdm5ERVYvR2tHcUxlOWs3TjBxOU5ib0g4Snh0K1RwZHZIU3FsWXY4TXZVVlpsa0lHSXJjZ242eFVseURWUkJ5dQpqS0hqWkZveGdzRG1CNTFqSEpBN0taRzFHcTNMYVRLa29PUEkxcXRQMEl3ZEJpRVVjNVRjUE9xaDM0akdubDZwCnU4T3cyMWNGNytpaVFxZ2NKQzdDdEVjVHplR1FuenhSdXdJU3lkZk1XaHFkTStUNzhXWmdXdkV5YVJVUEI0R2IKblNtenYxaEZDK3R2MlFxNlBYOFR2dWVhNTY1MzZyWGZQK0c2VDF6cVhPbWZ1ejVNWSt3a1BDYVRIb3pmVnJ0YwpnbjhxNTJxZml0bW00K2JVWWhVQ0F3RUFBYU5DTUVBd0RnWURWUjBQQVFIL0JBUURBZ0trTUE4R0ExVWRFd0VCCi93UUZNQU1CQWY4d0hRWURWUjBPQkJZRUZHemozN3BKL2czUW82MWpaY2tHNDY0YTdRa3lNQTBHQ1NxR1NJYjMKRFFFQkN3VUFBNElCQVFDajVrdmdjeFlYNUFsbkdmUVdQd04vY2NhR2JKV01TS1R4eGhvQ2dZTFUyb0g1WHFwSQpQSGJXUXpXZlIyTDdtNnJGN001dFJRM1p6UkhVU1d0dk84RTBvOWU5Wmh5TnZpTVhhMi95eWZ2aWhwZEdKclhFCkxZbWhoU1I0ZFZKbXlaOHBQMGFVcE01by9rdkNGKzIzR1lpSnE4ZHJJdW5TSnZlaHFBL3krZkJjNGZnSDRUZlQKMllTRTJUdEhjcE5LTVlPbXU3c1dXTXJtVUtJdTJQY25PeXpkUmFwclJVc1F1Vk5XQTZEaVNldER1Qng0cWdKRgpjZEU4aTJic2xNS2t6ZnRPTHY2UlpUcGs5Z1hZVnlmVEZZYXZnTWlDREdMOU1FK2JKVkJ4MGJNMkt1clJqWVU2Ck4rT05ha2xNZm5DeWhMWVNoV1hEb3ZpbnFYYy9EWXQ4VXM3VgotLS0tLUVORCBDRVJUSUZJQ0FURS0tLS0tCg=="
              }
            ],
            "created_at": "2021-10-17 06:49:34.151 +0000 UTC",
            "enabled_cluster_log_types": [],
            "endpoint": "https://2D9315EA91AAB496CE8256BEAABCAC8A.yl4.us-east-1.eks.amazonaws.com",
            "id": "mktst-nginx",
            "identity": [
              {
                "oidc": [
                  {
                    "issuer": "https://oidc.eks.us-east-1.amazonaws.com/id/2D9315EA91AAB496CE8256BEAABCAC8A"
                  }
                ]
              }
            ],
            "kubernetes_network_config": [
              {
                "service_ipv4_cidr": "172.20.0.0/16"
              }
            ],
            "name": "mktst-nginx",
            "platform_version": "eks.2",
            "role_arn": "arn:aws:iam::051126537531:role/VotingAppRole",
            "status": "ACTIVE",
            "tags": {
              "Environment": "test",
              "GithubOrg": "terraform-aws-modules",
              "GithubRepo": "terraform-aws-eks"
            },
            "version": "1.21",
            "vpc_config": [
              {
                "cluster_security_group_id": "sg-052bc334a890ca75a",
                "endpoint_private_access": true,
                "endpoint_public_access": true,
                "public_access_cidrs": [
                  "0.0.0.0/0"
                ],
                "security_group_ids": [
                  "sg-06d46783d8c3b4116"
                ],
                "subnet_ids": [
                  "subnet-027766823d184045f",
                  "subnet-0df0d7fddc8a77d2f"
                ],
                "vpc_id": "vpc-0665efb7de3911681"
              }
            ]
          },
          "sensitive_attributes": []
        }
      ]
    },
    {
      "mode": "data",
      "type": "aws_eks_cluster_auth",
      "name": "cluster",
      "provider": "provider[\"registry.terraform.io/hashicorp/aws\"]",
      "instances": [
        {
          "schema_version": 0,
          "attributes": {
            "id": "mktst-nginx",
            "name": "mktst-nginx",
            "token": "k8s-aws-v1.aHR0cHM6Ly9zdHMuYW1hem9uYXdzLmNvbS8_QWN0aW9uPUdldENhbGxlcklkZW50aXR5JlZlcnNpb249MjAxMS0wNi0xNSZYLUFtei1BbGdvcml0aG09QVdTNC1ITUFDLVNIQTI1NiZYLUFtei1DcmVkZW50aWFsPUFLSUFRWFozQkJVNTc2RlNIRlhFJTJGMjAyMTEwMTclMkZ1cy1lYXN0LTElMkZzdHMlMkZhd3M0X3JlcXVlc3QmWC1BbXotRGF0ZT0yMDIxMTAxN1QwNzAzMzFaJlgtQW16LUV4cGlyZXM9MCZYLUFtei1TaWduZWRIZWFkZXJzPWhvc3QlM0J4LWs4cy1hd3MtaWQmWC1BbXotU2lnbmF0dXJlPWQ3OTM0OWIxMWZmMDNhZjcyNDkwZTQ2YmE0N2Y1MjExNTdjY2Y4NTA2MDk4MzE5ZTZkNDJhZmQzNDJmYjI4Yzk"
          },
          "sensitive_attributes": []
        }
      ]
    },
    {
      "module": "module.eks",
      "mode": "data",
      "type": "aws_caller_identity",
      "name": "current",
      "provider": "provider[\"registry.terraform.io/hashicorp/aws\"]",
      "instances": [
        {
          "schema_version": 0,
          "attributes": {
            "account_id": "051126537531",
            "arn": "arn:aws:iam::051126537531:user/Milind-Admin",
            "id": "051126537531",
            "user_id": "AIDAQXZ3BBU52T4F6QVA6"
          },
          "sensitive_attributes": []
        }
      ]
    },
    {
      "module": "module.eks",
      "mode": "data",
      "type": "aws_iam_policy_document",
      "name": "cluster_assume_role_policy",
      "provider": "provider[\"registry.terraform.io/hashicorp/aws\"]",
      "instances": [
        {
          "schema_version": 0,
          "attributes": {
            "id": "2764486067",
            "json": "{\n  \"Version\": \"2012-10-17\",\n  \"Statement\": [\n    {\n      \"Sid\": \"EKSClusterAssumeRole\",\n      \"Effect\": \"Allow\",\n      \"Action\": \"sts:AssumeRole\",\n      \"Principal\": {\n        \"Service\": \"eks.amazonaws.com\"\n      }\n    }\n  ]\n}",
            "override_json": null,
            "override_policy_documents": null,
            "policy_id": null,
            "source_json": null,
            "source_policy_documents": null,
            "statement": [
              {
                "actions": [
                  "sts:AssumeRole"
                ],
                "condition": [],
                "effect": "Allow",
                "not_actions": [],
                "not_principals": [],
                "not_resources": [],
                "principals": [
                  {
                    "identifiers": [
                      "eks.amazonaws.com"
                    ],
                    "type": "Service"
                  }
                ],
                "resources": [],
                "sid": "EKSClusterAssumeRole"
              }
            ],
            "version": "2012-10-17"
          },
          "sensitive_attributes": []
        }
      ]
    },
    {
      "module": "module.eks",
      "mode": "data",
      "type": "aws_iam_policy_document",
      "name": "workers_assume_role_policy",
      "provider": "provider[\"registry.terraform.io/hashicorp/aws\"]",
      "instances": [
        {
          "schema_version": 0,
          "attributes": {
            "id": "3778018924",
            "json": "{\n  \"Version\": \"2012-10-17\",\n  \"Statement\": [\n    {\n      \"Sid\": \"EKSWorkerAssumeRole\",\n      \"Effect\": \"Allow\",\n      \"Action\": \"sts:AssumeRole\",\n      \"Principal\": {\n        \"Service\": \"ec2.amazonaws.com\"\n      }\n    }\n  ]\n}",
            "override_json": null,
            "override_policy_documents": null,
            "policy_id": null,
            "source_json": null,
            "source_policy_documents": null,
            "statement": [
              {
                "actions": [
                  "sts:AssumeRole"
                ],
                "condition": [],
                "effect": "Allow",
                "not_actions": [],
                "not_principals": [],
                "not_resources": [],
                "principals": [
                  {
                    "identifiers": [
                      "ec2.amazonaws.com"
                    ],
                    "type": "Service"
                  }
                ],
                "resources": [],
                "sid": "EKSWorkerAssumeRole"
              }
            ],
            "version": "2012-10-17"
          },
          "sensitive_attributes": []
        }
      ]
    },
    {
      "module": "module.eks",
      "mode": "data",
      "type": "aws_iam_role",
      "name": "custom_cluster_iam_role",
      "provider": "provider[\"registry.terraform.io/hashicorp/aws\"]",
      "instances": [
        {
          "index_key": 0,
          "schema_version": 0,
          "attributes": {
            "arn": "arn:aws:iam::051126537531:role/VotingAppRole",
            "assume_role_policy": "{\"Version\":\"2012-10-17\",\"Statement\":[{\"Effect\":\"Allow\",\"Principal\":{\"Service\":\"eks.amazonaws.com\"},\"Action\":\"sts:AssumeRole\"}]}",
            "create_date": "2021-07-26T09:16:16Z",
            "description": "Allows access to other AWS service resources that are required to operate clusters managed by EKS.",
            "id": "VotingAppRole",
            "max_session_duration": 3600,
            "name": "VotingAppRole",
            "path": "/",
            "permissions_boundary": "",
            "tags": {
              "App": "VotingApp",
              "Owner": "Milind"
            },
            "unique_id": "AROAQXZ3BBU57LQF37YQB"
          },
          "sensitive_attributes": []
        }
      ]
    },
    {
      "module": "module.eks",
      "mode": "data",
      "type": "aws_partition",
      "name": "current",
      "provider": "provider[\"registry.terraform.io/hashicorp/aws\"]",
      "instances": [
        {
          "schema_version": 0,
          "attributes": {
            "dns_suffix": "amazonaws.com",
            "id": "aws",
            "partition": "aws",
            "reverse_dns_prefix": "com.amazonaws"
          },
          "sensitive_attributes": []
        }
      ]
    },
    {
      "module": "module.eks",
      "mode": "data",
      "type": "http",
      "name": "wait_for_cluster",
      "provider": "provider[\"registry.terraform.io/terraform-aws-modules/http\"]",
      "instances": [
        {
          "index_key": 0,
          "schema_version": 0,
          "attributes": {
            "body": "ok",
            "ca_certificate": "-----BEGIN CERTIFICATE-----\nMIIC5zCCAc+gAwIBAgIBADANBgkqhkiG9w0BAQsFADAVMRMwEQYDVQQDEwprdWJl\ncm5ldGVzMB4XDTIxMTAxNzA2NTU1MFoXDTMxMTAxNTA2NTU1MFowFTETMBEGA1UE\nAxMKa3ViZXJuZXRlczCCASIwDQYJKoZIhvcNAQEBBQADggEPADCCAQoCggEBAMon\nDEuT2BzjcnJ1SakoLsx803MTvIEGbU1JGXpz8jLt0hUNDOAN7roMKXkaDfMIY5LR\nvnDEV/GkGqLe9k7N0q9NboH8Jxt+TpdvHSqlYv8MvUVZlkIGIrcgn6xUlyDVRByu\njKHjZFoxgsDmB51jHJA7KZG1Gq3LaTKkoOPI1qtP0IwdBiEUc5TcPOqh34jGnl6p\nu8Ow21cF7+iiQqgcJC7CtEcTzeGQnzxRuwISydfMWhqdM+T78WZgWvEyaRUPB4Gb\nnSmzv1hFC+tv2Qq6PX8Tvuea56536rXfP+G6T1zqXOmfuz5MY+wkPCaTHozfVrtc\ngn8q52qfitmm4+bUYhUCAwEAAaNCMEAwDgYDVR0PAQH/BAQDAgKkMA8GA1UdEwEB\n/wQFMAMBAf8wHQYDVR0OBBYEFGzj37pJ/g3Qo61jZckG464a7QkyMA0GCSqGSIb3\nDQEBCwUAA4IBAQCj5kvgcxYX5AlnGfQWPwN/ccaGbJWMSKTxxhoCgYLU2oH5XqpI\nPHbWQzWfR2L7m6rF7M5tRQ3ZzRHUSWtvO8E0o9e9ZhyNviMXa2/yyfvihpdGJrXE\nLYmhhSR4dVJmyZ8pP0aUpM5o/kvCF+23GYiJq8drIunSJvehqA/y+fBc4fgH4TfT\n2YSE2TtHcpNKMYOmu7sWWMrmUKIu2PcnOyzdRaprRUsQuVNWA6DiSetDuBx4qgJF\ncdE8i2bslMKkzftOLv6RZTpk9gXYVyfTFYavgMiCDGL9ME+bJVBx0bM2KurRjYU6\nN+ONaklMfnCyhLYShWXDovinqXc/DYt8Us7V\n-----END CERTIFICATE-----\n",
            "id": "https://2D9315EA91AAB496CE8256BEAABCAC8A.yl4.us-east-1.eks.amazonaws.com/healthz",
            "insecure": false,
            "request_headers": null,
            "response_headers": {
              "Cache-Control": "no-cache, private",
              "Content-Length": "2",
              "Content-Type": "text/plain; charset=utf-8",
              "Date": "Sun, 17 Oct 2021 07:03:31 GMT",
              "X-Content-Type-Options": "nosniff",
              "X-Kubernetes-Pf-Flowschema-Uid": "84e3f72e-4506-40f9-b87a-56ba2beb5634",
              "X-Kubernetes-Pf-Prioritylevel-Uid": "3fee1001-7406-4959-83b5-3fc12b837737"
            },
            "timeout": 300,
            "url": "https://2D9315EA91AAB496CE8256BEAABCAC8A.yl4.us-east-1.eks.amazonaws.com/healthz"
          },
          "sensitive_attributes": []
        }
      ]
    },
    {
      "module": "module.eks",
      "mode": "managed",
      "type": "aws_eks_cluster",
      "name": "this",
      "provider": "provider[\"registry.terraform.io/hashicorp/aws\"]",
      "instances": [
        {
          "index_key": 0,
          "schema_version": 0,
          "attributes": {
            "arn": "arn:aws:eks:us-east-1:051126537531:cluster/mktst-nginx",
            "certificate_authority": [
              {
                "data": "LS0tLS1CRUdJTiBDRVJUSUZJQ0FURS0tLS0tCk1JSUM1ekNDQWMrZ0F3SUJBZ0lCQURBTkJna3Foa2lHOXcwQkFRc0ZBREFWTVJNd0VRWURWUVFERXdwcmRXSmwKY201bGRHVnpNQjRYRFRJeE1UQXhOekEyTlRVMU1Gb1hEVE14TVRBeE5UQTJOVFUxTUZvd0ZURVRNQkVHQTFVRQpBeE1LYTNWaVpYSnVaWFJsY3pDQ0FTSXdEUVlKS29aSWh2Y05BUUVCQlFBRGdnRVBBRENDQVFvQ2dnRUJBTW9uCkRFdVQyQnpqY25KMVNha29Mc3g4MDNNVHZJRUdiVTFKR1hwejhqTHQwaFVORE9BTjdyb01LWGthRGZNSVk1TFIKdm5ERVYvR2tHcUxlOWs3TjBxOU5ib0g4Snh0K1RwZHZIU3FsWXY4TXZVVlpsa0lHSXJjZ242eFVseURWUkJ5dQpqS0hqWkZveGdzRG1CNTFqSEpBN0taRzFHcTNMYVRLa29PUEkxcXRQMEl3ZEJpRVVjNVRjUE9xaDM0akdubDZwCnU4T3cyMWNGNytpaVFxZ2NKQzdDdEVjVHplR1FuenhSdXdJU3lkZk1XaHFkTStUNzhXWmdXdkV5YVJVUEI0R2IKblNtenYxaEZDK3R2MlFxNlBYOFR2dWVhNTY1MzZyWGZQK0c2VDF6cVhPbWZ1ejVNWSt3a1BDYVRIb3pmVnJ0YwpnbjhxNTJxZml0bW00K2JVWWhVQ0F3RUFBYU5DTUVBd0RnWURWUjBQQVFIL0JBUURBZ0trTUE4R0ExVWRFd0VCCi93UUZNQU1CQWY4d0hRWURWUjBPQkJZRUZHemozN3BKL2czUW82MWpaY2tHNDY0YTdRa3lNQTBHQ1NxR1NJYjMKRFFFQkN3VUFBNElCQVFDajVrdmdjeFlYNUFsbkdmUVdQd04vY2NhR2JKV01TS1R4eGhvQ2dZTFUyb0g1WHFwSQpQSGJXUXpXZlIyTDdtNnJGN001dFJRM1p6UkhVU1d0dk84RTBvOWU5Wmh5TnZpTVhhMi95eWZ2aWhwZEdKclhFCkxZbWhoU1I0ZFZKbXlaOHBQMGFVcE01by9rdkNGKzIzR1lpSnE4ZHJJdW5TSnZlaHFBL3krZkJjNGZnSDRUZlQKMllTRTJUdEhjcE5LTVlPbXU3c1dXTXJtVUtJdTJQY25PeXpkUmFwclJVc1F1Vk5XQTZEaVNldER1Qng0cWdKRgpjZEU4aTJic2xNS2t6ZnRPTHY2UlpUcGs5Z1hZVnlmVEZZYXZnTWlDREdMOU1FK2JKVkJ4MGJNMkt1clJqWVU2Ck4rT05ha2xNZm5DeWhMWVNoV1hEb3ZpbnFYYy9EWXQ4VXM3VgotLS0tLUVORCBDRVJUSUZJQ0FURS0tLS0tCg=="
              }
            ],
            "created_at": "2021-10-17 06:49:34.151 +0000 UTC",
            "enabled_cluster_log_types": null,
            "encryption_config": [],
            "endpoint": "https://2D9315EA91AAB496CE8256BEAABCAC8A.yl4.us-east-1.eks.amazonaws.com",
            "id": "mktst-nginx",
            "identity": [
              {
                "oidc": [
                  {
                    "issuer": "https://oidc.eks.us-east-1.amazonaws.com/id/2D9315EA91AAB496CE8256BEAABCAC8A"
                  }
                ]
              }
            ],
            "kubernetes_network_config": [
              {
                "service_ipv4_cidr": "172.20.0.0/16"
              }
            ],
            "name": "mktst-nginx",
            "platform_version": "eks.2",
            "role_arn": "arn:aws:iam::051126537531:role/VotingAppRole",
            "status": "ACTIVE",
            "tags": {
              "Environment": "test",
              "GithubOrg": "terraform-aws-modules",
              "GithubRepo": "terraform-aws-eks"
            },
            "tags_all": {
              "Environment": "test",
              "GithubOrg": "terraform-aws-modules",
              "GithubRepo": "terraform-aws-eks"
            },
            "timeouts": {
              "create": "30m",
              "delete": "15m",
              "update": "60m"
            },
            "version": "1.21",
            "vpc_config": [
              {
                "cluster_security_group_id": "sg-052bc334a890ca75a",
                "endpoint_private_access": true,
                "endpoint_public_access": true,
                "public_access_cidrs": [
                  "0.0.0.0/0"
                ],
                "security_group_ids": [
                  "sg-06d46783d8c3b4116"
                ],
                "subnet_ids": [
                  "subnet-027766823d184045f",
                  "subnet-0df0d7fddc8a77d2f"
                ],
                "vpc_id": "vpc-0665efb7de3911681"
              }
            ]
          },
          "sensitive_attributes": [],
          "private": "eyJlMmJmYjczMC1lY2FhLTExZTYtOGY4OC0zNDM2M2JjN2M0YzAiOnsiY3JlYXRlIjoxODAwMDAwMDAwMDAwLCJkZWxldGUiOjkwMDAwMDAwMDAwMCwidXBkYXRlIjozNjAwMDAwMDAwMDAwfX0=",
          "dependencies": [
            "module.eks.aws_cloudwatch_log_group.this",
            "module.eks.aws_iam_role.cluster",
            "module.eks.aws_iam_role_policy_attachment.cluster_AmazonEKSClusterPolicy",
            "module.eks.aws_iam_role_policy_attachment.cluster_AmazonEKSServicePolicy",
            "module.eks.aws_iam_role_policy_attachment.cluster_AmazonEKSVPCResourceControllerPolicy",
            "module.eks.aws_security_group.cluster",
            "module.eks.aws_security_group.workers",
            "module.eks.aws_security_group_rule.cluster_egress_internet",
            "module.eks.aws_security_group_rule.cluster_https_worker_ingress",
            "module.eks.data.aws_iam_role.custom_cluster_iam_role"
          ],
          "create_before_destroy": true
        }
      ]
    },
    {
      "module": "module.eks",
      "mode": "managed",
      "type": "aws_security_group",
      "name": "cluster",
      "provider": "provider[\"registry.terraform.io/hashicorp/aws\"]",
      "instances": [
        {
          "index_key": 0,
          "schema_version": 1,
          "attributes": {
            "arn": "arn:aws:ec2:us-east-1:051126537531:security-group/sg-06d46783d8c3b4116",
            "description": "EKS cluster security group.",
            "egress": [],
            "id": "sg-06d46783d8c3b4116",
            "ingress": [],
            "name": "mktst-nginx20211017064928644300000001",
            "name_prefix": "mktst-nginx",
            "owner_id": "051126537531",
            "revoke_rules_on_delete": false,
            "tags": {
              "Environment": "test",
              "GithubOrg": "terraform-aws-modules",
              "GithubRepo": "terraform-aws-eks",
              "Name": "mktst-nginx-eks_cluster_sg"
            },
            "tags_all": {
              "Environment": "test",
              "GithubOrg": "terraform-aws-modules",
              "GithubRepo": "terraform-aws-eks",
              "Name": "mktst-nginx-eks_cluster_sg"
            },
            "timeouts": null,
            "vpc_id": "vpc-0665efb7de3911681"
          },
          "sensitive_attributes": [],
          "private": "eyJlMmJmYjczMC1lY2FhLTExZTYtOGY4OC0zNDM2M2JjN2M0YzAiOnsiY3JlYXRlIjo2MDAwMDAwMDAwMDAsImRlbGV0ZSI6OTAwMDAwMDAwMDAwfSwic2NoZW1hX3ZlcnNpb24iOiIxIn0=",
          "create_before_destroy": true
        }
      ]
    },
    {
      "module": "module.eks",
      "mode": "managed",
      "type": "aws_security_group",
      "name": "workers",
      "provider": "provider[\"registry.terraform.io/hashicorp/aws\"]",
      "instances": [
        {
          "index_key": 0,
          "schema_version": 1,
          "attributes": {
            "arn": "arn:aws:ec2:us-east-1:051126537531:security-group/sg-0a0e57a1b15f7e5f4",
            "description": "Security group for all nodes in the cluster.",
            "egress": [],
            "id": "sg-0a0e57a1b15f7e5f4",
            "ingress": [],
            "name": "mktst-nginx20211017064928648100000002",
            "name_prefix": "mktst-nginx",
            "owner_id": "051126537531",
            "revoke_rules_on_delete": false,
            "tags": {
              "Environment": "test",
              "GithubOrg": "terraform-aws-modules",
              "GithubRepo": "terraform-aws-eks",
              "Name": "mktst-nginx-eks_worker_sg",
              "kubernetes.io/cluster/mktst-nginx": "owned"
            },
            "tags_all": {
              "Environment": "test",
              "GithubOrg": "terraform-aws-modules",
              "GithubRepo": "terraform-aws-eks",
              "Name": "mktst-nginx-eks_worker_sg",
              "kubernetes.io/cluster/mktst-nginx": "owned"
            },
            "timeouts": null,
            "vpc_id": "vpc-0665efb7de3911681"
          },
          "sensitive_attributes": [],
          "private": "eyJlMmJmYjczMC1lY2FhLTExZTYtOGY4OC0zNDM2M2JjN2M0YzAiOnsiY3JlYXRlIjo2MDAwMDAwMDAwMDAsImRlbGV0ZSI6OTAwMDAwMDAwMDAwfSwic2NoZW1hX3ZlcnNpb24iOiIxIn0=",
          "create_before_destroy": true
        }
      ]
    },
    {
      "module": "module.eks",
      "mode": "managed",
      "type": "aws_security_group_rule",
      "name": "cluster_egress_internet",
      "provider": "provider[\"registry.terraform.io/hashicorp/aws\"]",
      "instances": [
        {
          "index_key": 0,
          "schema_version": 2,
          "attributes": {
            "cidr_blocks": [
              "0.0.0.0/0"
            ],
            "description": "Allow cluster egress access to the Internet.",
            "from_port": 0,
            "id": "sgrule-154519574",
            "ipv6_cidr_blocks": null,
            "prefix_list_ids": null,
            "protocol": "-1",
            "security_group_id": "sg-06d46783d8c3b4116",
            "self": false,
            "source_security_group_id": null,
            "to_port": 0,
            "type": "egress"
          },
          "sensitive_attributes": [],
          "private": "eyJzY2hlbWFfdmVyc2lvbiI6IjIifQ==",
          "dependencies": [
            "module.eks.aws_security_group.cluster"
          ],
          "create_before_destroy": true
        }
      ]
    },
    {
      "module": "module.eks",
      "mode": "managed",
      "type": "aws_security_group_rule",
      "name": "cluster_https_worker_ingress",
      "provider": "provider[\"registry.terraform.io/hashicorp/aws\"]",
      "instances": [
        {
          "index_key": 0,
          "schema_version": 2,
          "attributes": {
            "cidr_blocks": null,
            "description": "Allow pods to communicate with the EKS cluster API.",
            "from_port": 443,
            "id": "sgrule-793824689",
            "ipv6_cidr_blocks": null,
            "prefix_list_ids": null,
            "protocol": "tcp",
            "security_group_id": "sg-06d46783d8c3b4116",
            "self": false,
            "source_security_group_id": "sg-0a0e57a1b15f7e5f4",
            "to_port": 443,
            "type": "ingress"
          },
          "sensitive_attributes": [],
          "private": "eyJzY2hlbWFfdmVyc2lvbiI6IjIifQ==",
          "dependencies": [
            "module.eks.aws_security_group.cluster",
            "module.eks.aws_security_group.workers"
          ],
          "create_before_destroy": true
        }
      ]
    },
    {
      "module": "module.eks",
      "mode": "managed",
      "type": "aws_security_group_rule",
      "name": "workers_egress_internet",
      "provider": "provider[\"registry.terraform.io/hashicorp/aws\"]",
      "instances": [
        {
          "index_key": 0,
          "schema_version": 2,
          "attributes": {
            "cidr_blocks": [
              "0.0.0.0/0"
            ],
            "description": "Allow nodes all egress to the Internet.",
            "from_port": 0,
            "id": "sgrule-2633136887",
            "ipv6_cidr_blocks": null,
            "prefix_list_ids": null,
            "protocol": "-1",
            "security_group_id": "sg-0a0e57a1b15f7e5f4",
            "self": false,
            "source_security_group_id": null,
            "to_port": 0,
            "type": "egress"
          },
          "sensitive_attributes": [],
          "private": "eyJzY2hlbWFfdmVyc2lvbiI6IjIifQ==",
          "dependencies": [
            "module.eks.aws_security_group.workers"
          ]
        }
      ]
    },
    {
      "module": "module.eks",
      "mode": "managed",
      "type": "aws_security_group_rule",
      "name": "workers_ingress_cluster",
      "provider": "provider[\"registry.terraform.io/hashicorp/aws\"]",
      "instances": [
        {
          "index_key": 0,
          "schema_version": 2,
          "attributes": {
            "cidr_blocks": null,
            "description": "Allow workers pods to receive communication from the cluster control plane.",
            "from_port": 1025,
            "id": "sgrule-513414693",
            "ipv6_cidr_blocks": null,
            "prefix_list_ids": null,
            "protocol": "tcp",
            "security_group_id": "sg-0a0e57a1b15f7e5f4",
            "self": false,
            "source_security_group_id": "sg-06d46783d8c3b4116",
            "to_port": 65535,
            "type": "ingress"
          },
          "sensitive_attributes": [],
          "private": "eyJzY2hlbWFfdmVyc2lvbiI6IjIifQ==",
          "dependencies": [
            "module.eks.aws_security_group.cluster",
            "module.eks.aws_security_group.workers"
          ]
        }
      ]
    },
    {
      "module": "module.eks",
      "mode": "managed",
      "type": "aws_security_group_rule",
      "name": "workers_ingress_cluster_https",
      "provider": "provider[\"registry.terraform.io/hashicorp/aws\"]",
      "instances": [
        {
          "index_key": 0,
          "schema_version": 2,
          "attributes": {
            "cidr_blocks": null,
            "description": "Allow pods running extension API servers on port 443 to receive communication from cluster control plane.",
            "from_port": 443,
            "id": "sgrule-1882442729",
            "ipv6_cidr_blocks": null,
            "prefix_list_ids": null,
            "protocol": "tcp",
            "security_group_id": "sg-0a0e57a1b15f7e5f4",
            "self": false,
            "source_security_group_id": "sg-06d46783d8c3b4116",
            "to_port": 443,
            "type": "ingress"
          },
          "sensitive_attributes": [],
          "private": "eyJzY2hlbWFfdmVyc2lvbiI6IjIifQ==",
          "dependencies": [
            "module.eks.aws_security_group.cluster",
            "module.eks.aws_security_group.workers"
          ]
        }
      ]
    },
    {
      "module": "module.eks",
      "mode": "managed",
      "type": "aws_security_group_rule",
      "name": "workers_ingress_self",
      "provider": "provider[\"registry.terraform.io/hashicorp/aws\"]",
      "instances": [
        {
          "index_key": 0,
          "schema_version": 2,
          "attributes": {
            "cidr_blocks": null,
            "description": "Allow node to communicate with each other.",
            "from_port": 0,
            "id": "sgrule-1344286742",
            "ipv6_cidr_blocks": null,
            "prefix_list_ids": null,
            "protocol": "-1",
            "security_group_id": "sg-0a0e57a1b15f7e5f4",
            "self": false,
            "source_security_group_id": "sg-0a0e57a1b15f7e5f4",
            "to_port": 65535,
            "type": "ingress"
          },
          "sensitive_attributes": [],
          "private": "eyJzY2hlbWFfdmVyc2lvbiI6IjIifQ==",
          "dependencies": [
            "module.eks.aws_security_group.workers"
          ]
        }
      ]
    },
    {
      "module": "module.eks",
      "mode": "managed",
      "type": "kubernetes_config_map",
      "name": "aws_auth",
      "provider": "provider[\"registry.terraform.io/hashicorp/kubernetes\"]",
      "instances": [
        {
          "index_key": 0,
          "schema_version": 0,
          "attributes": {
            "binary_data": null,
            "data": {
              "mapAccounts": "[]\n",
              "mapRoles": "- \"groups\":\n  - \"system:bootstrappers\"\n  - \"system:nodes\"\n  \"rolearn\": \"arn:aws:iam::051126537531:role/NodeInstanceRole\"\n  \"username\": \"system:node:{{EC2PrivateDNSName}}\"\n",
              "mapUsers": "[]\n"
            },
            "id": "kube-system/aws-auth",
            "metadata": [
              {
                "annotations": null,
                "generate_name": "",
                "generation": 0,
                "labels": {
                  "app.kubernetes.io/managed-by": "Terraform",
                  "terraform.io/module": "terraform-aws-modules.eks.aws"
                },
                "name": "aws-auth",
                "namespace": "kube-system",
                "resource_version": "1118",
                "uid": "44e7864a-2f25-4c35-ac36-ea6c8bd8fd11"
              }
            ]
          },
          "sensitive_attributes": [],
          "private": "bnVsbA==",
          "dependencies": [
            "data.aws_eks_cluster.cluster",
            "data.aws_eks_cluster_auth.cluster",
            "module.eks.aws_cloudwatch_log_group.this",
            "module.eks.aws_eks_cluster.this",
            "module.eks.aws_iam_instance_profile.workers",
            "module.eks.aws_iam_instance_profile.workers_launch_template",
            "module.eks.aws_iam_role.cluster",
            "module.eks.aws_iam_role.workers",
            "module.eks.aws_iam_role_policy_attachment.cluster_AmazonEKSClusterPolicy",
            "module.eks.aws_iam_role_policy_attachment.cluster_AmazonEKSServicePolicy",
            "module.eks.aws_iam_role_policy_attachment.cluster_AmazonEKSVPCResourceControllerPolicy",
            "module.eks.aws_security_group.cluster",
            "module.eks.aws_security_group.workers",
            "module.eks.aws_security_group_rule.cluster_egress_internet",
            "module.eks.aws_security_group_rule.cluster_https_worker_ingress",
            "module.eks.aws_security_group_rule.cluster_private_access_cidrs_source",
            "module.eks.aws_security_group_rule.cluster_private_access_sg_source",
            "module.eks.data.aws_ami.eks_worker",
            "module.eks.data.aws_ami.eks_worker_windows",
            "module.eks.data.aws_caller_identity.current",
            "module.eks.data.aws_iam_instance_profile.custom_worker_group_iam_instance_profile",
            "module.eks.data.aws_iam_instance_profile.custom_worker_group_launch_template_iam_instance_profile",
            "module.eks.data.aws_iam_role.custom_cluster_iam_role",
            "module.eks.data.aws_partition.current",
            "module.eks.data.http.wait_for_cluster",
            "module.eks.module.fargate.aws_iam_role.eks_fargate_pod",
            "module.eks.module.fargate.data.aws_iam_role.custom_fargate_iam_role"
          ],
          "create_before_destroy": true
        }
      ]
    },
    {
      "module": "module.eks",
      "mode": "managed",
      "type": "local_file",
      "name": "kubeconfig",
      "provider": "provider[\"registry.terraform.io/hashicorp/local\"]",
      "instances": [
        {
          "index_key": 0,
          "schema_version": 0,
          "attributes": {
            "content": "apiVersion: v1\npreferences: {}\nkind: Config\n\nclusters:\n- cluster:\n    server: https://2D9315EA91AAB496CE8256BEAABCAC8A.yl4.us-east-1.eks.amazonaws.com\n    certificate-authority-data: LS0tLS1CRUdJTiBDRVJUSUZJQ0FURS0tLS0tCk1JSUM1ekNDQWMrZ0F3SUJBZ0lCQURBTkJna3Foa2lHOXcwQkFRc0ZBREFWTVJNd0VRWURWUVFERXdwcmRXSmwKY201bGRHVnpNQjRYRFRJeE1UQXhOekEyTlRVMU1Gb1hEVE14TVRBeE5UQTJOVFUxTUZvd0ZURVRNQkVHQTFVRQpBeE1LYTNWaVpYSnVaWFJsY3pDQ0FTSXdEUVlKS29aSWh2Y05BUUVCQlFBRGdnRVBBRENDQVFvQ2dnRUJBTW9uCkRFdVQyQnpqY25KMVNha29Mc3g4MDNNVHZJRUdiVTFKR1hwejhqTHQwaFVORE9BTjdyb01LWGthRGZNSVk1TFIKdm5ERVYvR2tHcUxlOWs3TjBxOU5ib0g4Snh0K1RwZHZIU3FsWXY4TXZVVlpsa0lHSXJjZ242eFVseURWUkJ5dQpqS0hqWkZveGdzRG1CNTFqSEpBN0taRzFHcTNMYVRLa29PUEkxcXRQMEl3ZEJpRVVjNVRjUE9xaDM0akdubDZwCnU4T3cyMWNGNytpaVFxZ2NKQzdDdEVjVHplR1FuenhSdXdJU3lkZk1XaHFkTStUNzhXWmdXdkV5YVJVUEI0R2IKblNtenYxaEZDK3R2MlFxNlBYOFR2dWVhNTY1MzZyWGZQK0c2VDF6cVhPbWZ1ejVNWSt3a1BDYVRIb3pmVnJ0YwpnbjhxNTJxZml0bW00K2JVWWhVQ0F3RUFBYU5DTUVBd0RnWURWUjBQQVFIL0JBUURBZ0trTUE4R0ExVWRFd0VCCi93UUZNQU1CQWY4d0hRWURWUjBPQkJZRUZHemozN3BKL2czUW82MWpaY2tHNDY0YTdRa3lNQTBHQ1NxR1NJYjMKRFFFQkN3VUFBNElCQVFDajVrdmdjeFlYNUFsbkdmUVdQd04vY2NhR2JKV01TS1R4eGhvQ2dZTFUyb0g1WHFwSQpQSGJXUXpXZlIyTDdtNnJGN001dFJRM1p6UkhVU1d0dk84RTBvOWU5Wmh5TnZpTVhhMi95eWZ2aWhwZEdKclhFCkxZbWhoU1I0ZFZKbXlaOHBQMGFVcE01by9rdkNGKzIzR1lpSnE4ZHJJdW5TSnZlaHFBL3krZkJjNGZnSDRUZlQKMllTRTJUdEhjcE5LTVlPbXU3c1dXTXJtVUtJdTJQY25PeXpkUmFwclJVc1F1Vk5XQTZEaVNldER1Qng0cWdKRgpjZEU4aTJic2xNS2t6ZnRPTHY2UlpUcGs5Z1hZVnlmVEZZYXZnTWlDREdMOU1FK2JKVkJ4MGJNMkt1clJqWVU2Ck4rT05ha2xNZm5DeWhMWVNoV1hEb3ZpbnFYYy9EWXQ4VXM3VgotLS0tLUVORCBDRVJUSUZJQ0FURS0tLS0tCg==\n  name: eks_mktst-nginx\n\ncontexts:\n- context:\n    cluster: eks_mktst-nginx\n    user: eks_mktst-nginx\n  name: eks_mktst-nginx\n\ncurrent-context: eks_mktst-nginx\n\nusers:\n- name: eks_mktst-nginx\n  user:\n    exec:\n      apiVersion: client.authentication.k8s.io/v1alpha1\n      command: aws-iam-authenticator\n      args:\n        - \"token\"\n        - \"-i\"\n        - \"mktst-nginx\"\n",
            "content_base64": null,
            "directory_permission": "0755",
            "file_permission": "0600",
            "filename": "./kubeconfig_mktst-nginx",
            "id": "2cdd7b3302e6ae1c9327243e72d9042cf4d8db7e",
            "sensitive_content": null,
            "source": null
          },
          "sensitive_attributes": [],
          "private": "bnVsbA==",
          "dependencies": [
            "module.eks.aws_cloudwatch_log_group.this",
            "module.eks.aws_eks_cluster.this",
            "module.eks.aws_iam_role.cluster",
            "module.eks.aws_iam_role_policy_attachment.cluster_AmazonEKSClusterPolicy",
            "module.eks.aws_iam_role_policy_attachment.cluster_AmazonEKSServicePolicy",
            "module.eks.aws_iam_role_policy_attachment.cluster_AmazonEKSVPCResourceControllerPolicy",
            "module.eks.aws_security_group.cluster",
            "module.eks.aws_security_group.workers",
            "module.eks.aws_security_group_rule.cluster_egress_internet",
            "module.eks.aws_security_group_rule.cluster_https_worker_ingress",
            "module.eks.data.aws_iam_role.custom_cluster_iam_role"
          ]
        }
      ]
    },
    {
      "module": "module.eks.module.fargate",
      "mode": "data",
      "type": "aws_partition",
      "name": "current",
      "provider": "provider[\"registry.terraform.io/hashicorp/aws\"]",
      "instances": [
        {
          "schema_version": 0,
          "attributes": {
            "dns_suffix": "amazonaws.com",
            "id": "aws",
            "partition": "aws",
            "reverse_dns_prefix": "com.amazonaws"
          },
          "sensitive_attributes": []
        }
      ]
    },
    {
      "module": "module.eks.module.node_groups",
      "mode": "managed",
      "type": "aws_eks_node_group",
      "name": "workers",
      "provider": "provider[\"registry.terraform.io/hashicorp/aws\"]",
      "instances": [
        {
          "index_key": "example",
          "schema_version": 0,
          "attributes": {
            "ami_type": "AL2_x86_64",
            "arn": "arn:aws:eks:us-east-1:051126537531:nodegroup/mktst-nginx/mktst-nginx-example20211017070332596400000003/20be4688-084d-ab9d-be0a-e257e46d8ca3",
            "capacity_type": "SPOT",
            "cluster_name": "mktst-nginx",
            "disk_size": 20,
            "force_update_version": null,
            "id": "mktst-nginx:mktst-nginx-example20211017070332596400000003",
            "instance_types": [
              "t2.small"
            ],
            "labels": {
              "Environment": "test",
              "GithubOrg": "terraform-aws-modules",
              "GithubRepo": "terraform-aws-eks"
            },
            "launch_template": [],
            "node_group_name": "mktst-nginx-example20211017070332596400000003",
            "node_group_name_prefix": "mktst-nginx-example",
            "node_role_arn": "arn:aws:iam::051126537531:role/NodeInstanceRole",
            "release_version": "1.21.4-20211008",
            "remote_access": [],
            "resources": [
              {
                "autoscaling_groups": [
                  {
                    "name": "eks-mktst-nginx-example20211017070332596400000003-20be4688-084d-ab9d-be0a-e257e46d8ca3"
                  }
                ],
                "remote_access_security_group_id": ""
              }
            ],
            "scaling_config": [
              {
                "desired_size": 2,
                "max_size": 2,
                "min_size": 2
              }
            ],
            "status": "ACTIVE",
            "subnet_ids": [
              "subnet-027766823d184045f",
              "subnet-0df0d7fddc8a77d2f"
            ],
            "tags": {
              "Environment": "test",
              "GithubOrg": "terraform-aws-modules",
              "GithubRepo": "terraform-aws-eks"
            },
            "tags_all": {
              "Environment": "test",
              "GithubOrg": "terraform-aws-modules",
              "GithubRepo": "terraform-aws-eks"
            },
            "taint": [],
            "timeouts": {
              "create": null,
              "delete": null,
              "update": null
            },
            "update_config": [
              {
                "max_unavailable": 0,
                "max_unavailable_percentage": 50
              }
            ],
            "version": "1.21"
          },
          "sensitive_attributes": [],
          "private": "eyJlMmJmYjczMC1lY2FhLTExZTYtOGY4OC0zNDM2M2JjN2M0YzAiOnsiY3JlYXRlIjozNjAwMDAwMDAwMDAwLCJkZWxldGUiOjM2MDAwMDAwMDAwMDAsInVwZGF0ZSI6MzYwMDAwMDAwMDAwMH19",
          "dependencies": [
            "data.aws_eks_cluster.cluster",
            "data.aws_eks_cluster_auth.cluster",
            "module.eks.aws_cloudwatch_log_group.this",
            "module.eks.aws_eks_cluster.this",
            "module.eks.aws_iam_instance_profile.workers",
            "module.eks.aws_iam_instance_profile.workers_launch_template",
            "module.eks.aws_iam_role.cluster",
            "module.eks.aws_iam_role.workers",
            "module.eks.aws_iam_role_policy_attachment.cluster_AmazonEKSClusterPolicy",
            "module.eks.aws_iam_role_policy_attachment.cluster_AmazonEKSServicePolicy",
            "module.eks.aws_iam_role_policy_attachment.cluster_AmazonEKSVPCResourceControllerPolicy",
            "module.eks.aws_iam_role_policy_attachment.workers_AmazonEC2ContainerRegistryReadOnly",
            "module.eks.aws_iam_role_policy_attachment.workers_AmazonEKSWorkerNodePolicy",
            "module.eks.aws_iam_role_policy_attachment.workers_AmazonEKS_CNI_Policy",
            "module.eks.aws_security_group.cluster",
            "module.eks.aws_security_group.workers",
            "module.eks.aws_security_group_rule.cluster_egress_internet",
            "module.eks.aws_security_group_rule.cluster_https_worker_ingress",
            "module.eks.aws_security_group_rule.cluster_private_access_cidrs_source",
            "module.eks.aws_security_group_rule.cluster_private_access_sg_source",
            "module.eks.data.aws_ami.eks_worker",
            "module.eks.data.aws_ami.eks_worker_windows",
            "module.eks.data.aws_caller_identity.current",
            "module.eks.data.aws_iam_instance_profile.custom_worker_group_iam_instance_profile",
            "module.eks.data.aws_iam_instance_profile.custom_worker_group_launch_template_iam_instance_profile",
            "module.eks.data.aws_iam_role.custom_cluster_iam_role",
            "module.eks.data.aws_partition.current",
            "module.eks.data.http.wait_for_cluster",
            "module.eks.kubernetes_config_map.aws_auth",
            "module.eks.module.fargate.aws_iam_role.eks_fargate_pod",
            "module.eks.module.fargate.data.aws_iam_role.custom_fargate_iam_role",
            "module.eks.module.node_groups.aws_launch_template.workers"
          ],
          "create_before_destroy": true
        }
      ]
    }
  ]
}
