{
  "version": 4,
  "terraform_version": "1.0.9",
  "serial": 53,
  "lineage": "12133730-614b-7b3f-8cd0-5abfa95e2aa0",
  "outputs": {
    "cluster_endpoint": {
      "value": "https://E9ADBE7066A021B228E729C6C408E601.gr7.us-east-1.eks.amazonaws.com",
      "type": "string"
    },
    "cluster_id": {
      "value": "mktst-nginx",
      "type": "string"
    },
    "cluster_name": {
      "value": "mktst-nginx",
      "type": "string"
    },
    "cluster_security_group_id": {
      "value": "sg-090baa2c9704ffe35",
      "type": "string"
    },
    "config_map_aws_auth": {
      "value": [
        {
          "binary_data": null,
          "data": {
            "mapAccounts": "[]\n",
            "mapRoles": "- \"groups\":\n  - \"system:bootstrappers\"\n  - \"system:nodes\"\n  \"rolearn\": \"arn:aws:iam::051126537531:role/NodeInstanceRole\"\n  \"username\": \"system:node:{{EC2PrivateDNSName}}\"\n",
            "mapUsers": "[]\n"
          },
          "id": "kube-system/aws-auth",
          "metadata": [
            {
              "annotations": null,
              "generate_name": "",
              "generation": 0,
              "labels": {
                "app.kubernetes.io/managed-by": "Terraform",
                "terraform.io/module": "terraform-aws-modules.eks.aws"
              },
              "name": "aws-auth",
              "namespace": "kube-system",
              "resource_version": "1106",
              "uid": "c1fd7d15-9b18-4eb2-9b25-37447597a217"
            }
          ]
        }
      ],
      "type": [
        "tuple",
        [
          [
            "object",
            {
              "binary_data": [
                "map",
                "string"
              ],
              "data": [
                "map",
                "string"
              ],
              "id": "string",
              "metadata": [
                "list",
                [
                  "object",
                  {
                    "annotations": [
                      "map",
                      "string"
                    ],
                    "generate_name": "string",
                    "generation": "number",
                    "labels": [
                      "map",
                      "string"
                    ],
                    "name": "string",
                    "namespace": "string",
                    "resource_version": "string",
                    "uid": "string"
                  }
                ]
              ]
            }
          ]
        ]
      ]
    },
    "kubectl_config": {
      "value": "apiVersion: v1\npreferences: {}\nkind: Config\n\nclusters:\n- cluster:\n    server: https://E9ADBE7066A021B228E729C6C408E601.gr7.us-east-1.eks.amazonaws.com\n    certificate-authority-data: LS0tLS1CRUdJTiBDRVJUSUZJQ0FURS0tLS0tCk1JSUM1ekNDQWMrZ0F3SUJBZ0lCQURBTkJna3Foa2lHOXcwQkFRc0ZBREFWTVJNd0VRWURWUVFERXdwcmRXSmwKY201bGRHVnpNQjRYRFRJeE1UQXhOekV4TWpJeU5sb1hEVE14TVRBeE5URXhNakl5Tmxvd0ZURVRNQkVHQTFVRQpBeE1LYTNWaVpYSnVaWFJsY3pDQ0FTSXdEUVlKS29aSWh2Y05BUUVCQlFBRGdnRVBBRENDQVFvQ2dnRUJBTFJmClNveE1sZHI2Zlc2SDFWOFpnY1N2Y2dLN3kreDlaRkQvekl1QzMybHVRb1BNNjJTVVRWV2tUSnZNTlJUMzFIanYKNndJQTNrQUx5c3VsMDl2L0labk51dlhTeFRPZ1hUQ0JuVkUrOHFaamF3Q0d4aEVOVWt0UVV4bUdQVEpKVTAvSApERUd2TThCcEtnaGFCS21PK3kvcTU4TmRHOTlYSUlrN2VJNmJUR3pEaEY1ME9xSUhQV1BRUG5tVXZkdEJ5OUJHCk92aXAzVnZ3bnExL0UxK0IzUDVQWXdJY0NGbG0vUGxtYnFjeUlIekcrZnlGZFY0bFZtK2dUR2p0TEhJclJTNDQKY1BhcTJrWktPdFlVNTBmcG9DMkFocWZJYmFqUG9ick9mcFFxb0xTNzFYRzFoWHFPOVl0Q1hnR0tRZ0NSNkpKZQp4QjZaTzc4aFVPMHVkWVFxUDY4Q0F3RUFBYU5DTUVBd0RnWURWUjBQQVFIL0JBUURBZ0trTUE4R0ExVWRFd0VCCi93UUZNQU1CQWY4d0hRWURWUjBPQkJZRUZNZDF5NkVEYkc4ajFVVDlMZUYwQ0VNdkZWNXpNQTBHQ1NxR1NJYjMKRFFFQkN3VUFBNElCQVFBcFdBbnhJUHhqUzRMdnZBQllIRlZjc3RUNncxNFAxUjVvaHp0RDNjUlc5dkt4QmxDdwphVXJ0TkNXL3BXV1Q5WW1YNFcrd0F6NmNod3BxZGpOaG55dWRNWTZFVEtsTC9QbE55RGh1cWhXT0VtU3kwdlFDCjFBV0JRaGhZQjdmbUJVV2JxVEE2N3o1eUpYd0JmekROMHpMeUo2L2FCMEdvUVczcGFPdzFhTnk4RndlZzViTGQKRDYxUERDVzBCUVNLbjNsTzZ1b3lLclFGdUNqR1FsQUpobDRwOGU4alJWYzRub0JteG5WNDNSbDF3R2YyS3lIVQptcWI5czdvemZNbjdsYzZGeEVPVmVid1cxODZwbDJXVlQ1S1ZmN3JjQ0R3WGNHY0dDTlVPbDNiR2liaG9BVlM2CmtraHZYbHZDREFaNEZxREVJOGFac2tLZmwycmpPNTgxMElDRwotLS0tLUVORCBDRVJUSUZJQ0FURS0tLS0tCg==\n  name: eks_mktst-nginx\n\ncontexts:\n- context:\n    cluster: eks_mktst-nginx\n    user: eks_mktst-nginx\n  name: eks_mktst-nginx\n\ncurrent-context: eks_mktst-nginx\n\nusers:\n- name: eks_mktst-nginx\n  user:\n    exec:\n      apiVersion: client.authentication.k8s.io/v1alpha1\n      command: aws-iam-authenticator\n      args:\n        - \"token\"\n        - \"-i\"\n        - \"mktst-nginx\"\n",
      "type": "string"
    }
  },
  "resources": [
    {
      "mode": "data",
      "type": "aws_eks_cluster",
      "name": "cluster",
      "provider": "provider[\"registry.terraform.io/hashicorp/aws\"]",
      "instances": [
        {
          "schema_version": 0,
          "attributes": {
            "arn": "arn:aws:eks:us-east-1:051126537531:cluster/mktst-nginx",
            "certificate_authority": [
              {
                "data": "LS0tLS1CRUdJTiBDRVJUSUZJQ0FURS0tLS0tCk1JSUM1ekNDQWMrZ0F3SUJBZ0lCQURBTkJna3Foa2lHOXcwQkFRc0ZBREFWTVJNd0VRWURWUVFERXdwcmRXSmwKY201bGRHVnpNQjRYRFRJeE1UQXhOekV4TWpJeU5sb1hEVE14TVRBeE5URXhNakl5Tmxvd0ZURVRNQkVHQTFVRQpBeE1LYTNWaVpYSnVaWFJsY3pDQ0FTSXdEUVlKS29aSWh2Y05BUUVCQlFBRGdnRVBBRENDQVFvQ2dnRUJBTFJmClNveE1sZHI2Zlc2SDFWOFpnY1N2Y2dLN3kreDlaRkQvekl1QzMybHVRb1BNNjJTVVRWV2tUSnZNTlJUMzFIanYKNndJQTNrQUx5c3VsMDl2L0labk51dlhTeFRPZ1hUQ0JuVkUrOHFaamF3Q0d4aEVOVWt0UVV4bUdQVEpKVTAvSApERUd2TThCcEtnaGFCS21PK3kvcTU4TmRHOTlYSUlrN2VJNmJUR3pEaEY1ME9xSUhQV1BRUG5tVXZkdEJ5OUJHCk92aXAzVnZ3bnExL0UxK0IzUDVQWXdJY0NGbG0vUGxtYnFjeUlIekcrZnlGZFY0bFZtK2dUR2p0TEhJclJTNDQKY1BhcTJrWktPdFlVNTBmcG9DMkFocWZJYmFqUG9ick9mcFFxb0xTNzFYRzFoWHFPOVl0Q1hnR0tRZ0NSNkpKZQp4QjZaTzc4aFVPMHVkWVFxUDY4Q0F3RUFBYU5DTUVBd0RnWURWUjBQQVFIL0JBUURBZ0trTUE4R0ExVWRFd0VCCi93UUZNQU1CQWY4d0hRWURWUjBPQkJZRUZNZDF5NkVEYkc4ajFVVDlMZUYwQ0VNdkZWNXpNQTBHQ1NxR1NJYjMKRFFFQkN3VUFBNElCQVFBcFdBbnhJUHhqUzRMdnZBQllIRlZjc3RUNncxNFAxUjVvaHp0RDNjUlc5dkt4QmxDdwphVXJ0TkNXL3BXV1Q5WW1YNFcrd0F6NmNod3BxZGpOaG55dWRNWTZFVEtsTC9QbE55RGh1cWhXT0VtU3kwdlFDCjFBV0JRaGhZQjdmbUJVV2JxVEE2N3o1eUpYd0JmekROMHpMeUo2L2FCMEdvUVczcGFPdzFhTnk4RndlZzViTGQKRDYxUERDVzBCUVNLbjNsTzZ1b3lLclFGdUNqR1FsQUpobDRwOGU4alJWYzRub0JteG5WNDNSbDF3R2YyS3lIVQptcWI5czdvemZNbjdsYzZGeEVPVmVid1cxODZwbDJXVlQ1S1ZmN3JjQ0R3WGNHY0dDTlVPbDNiR2liaG9BVlM2CmtraHZYbHZDREFaNEZxREVJOGFac2tLZmwycmpPNTgxMElDRwotLS0tLUVORCBDRVJUSUZJQ0FURS0tLS0tCg=="
              }
            ],
            "created_at": "2021-10-17 11:15:41.278 +0000 UTC",
            "enabled_cluster_log_types": [],
            "endpoint": "https://E9ADBE7066A021B228E729C6C408E601.gr7.us-east-1.eks.amazonaws.com",
            "id": "mktst-nginx",
            "identity": [
              {
                "oidc": [
                  {
                    "issuer": "https://oidc.eks.us-east-1.amazonaws.com/id/E9ADBE7066A021B228E729C6C408E601"
                  }
                ]
              }
            ],
            "kubernetes_network_config": [
              {
                "service_ipv4_cidr": "172.20.0.0/16"
              }
            ],
            "name": "mktst-nginx",
            "platform_version": "eks.2",
            "role_arn": "arn:aws:iam::051126537531:role/VotingAppRole",
            "status": "ACTIVE",
            "tags": {
              "Environment": "test",
              "GithubOrg": "terraform-aws-modules",
              "GithubRepo": "terraform-aws-eks"
            },
            "version": "1.21",
            "vpc_config": [
              {
                "cluster_security_group_id": "sg-0109ec31b8666418e",
                "endpoint_private_access": true,
                "endpoint_public_access": true,
                "public_access_cidrs": [
                  "0.0.0.0/0"
                ],
                "security_group_ids": [
                  "sg-090baa2c9704ffe35"
                ],
                "subnet_ids": [
                  "subnet-027766823d184045f",
                  "subnet-0df0d7fddc8a77d2f"
                ],
                "vpc_id": "vpc-0665efb7de3911681"
              }
            ]
          },
          "sensitive_attributes": []
        }
      ]
    },
    {
      "mode": "data",
      "type": "aws_eks_cluster_auth",
      "name": "cluster",
      "provider": "provider[\"registry.terraform.io/hashicorp/aws\"]",
      "instances": [
        {
          "schema_version": 0,
          "attributes": {
            "id": "mktst-nginx",
            "name": "mktst-nginx",
            "token": "k8s-aws-v1.aHR0cHM6Ly9zdHMuYW1hem9uYXdzLmNvbS8_QWN0aW9uPUdldENhbGxlcklkZW50aXR5JlZlcnNpb249MjAxMS0wNi0xNSZYLUFtei1BbGdvcml0aG09QVdTNC1ITUFDLVNIQTI1NiZYLUFtei1DcmVkZW50aWFsPUFLSUFRWFozQkJVNTc2RlNIRlhFJTJGMjAyMTEwMTclMkZ1cy1lYXN0LTElMkZzdHMlMkZhd3M0X3JlcXVlc3QmWC1BbXotRGF0ZT0yMDIxMTAxN1QxMTI5NTdaJlgtQW16LUV4cGlyZXM9MCZYLUFtei1TaWduZWRIZWFkZXJzPWhvc3QlM0J4LWs4cy1hd3MtaWQmWC1BbXotU2lnbmF0dXJlPWY0MTkzZTRmYjFjODRhMDU0OGNmNGI4NzA5MDdkOTk2ODYxZTlmYzI3YjUwNzg1MTgwYTZjYzYwMTBlNGRmNDc"
          },
          "sensitive_attributes": []
        }
      ]
    },
    {
      "module": "module.eks",
      "mode": "data",
      "type": "aws_caller_identity",
      "name": "current",
      "provider": "provider[\"registry.terraform.io/hashicorp/aws\"]",
      "instances": [
        {
          "schema_version": 0,
          "attributes": {
            "account_id": "051126537531",
            "arn": "arn:aws:iam::051126537531:user/Milind-Admin",
            "id": "051126537531",
            "user_id": "AIDAQXZ3BBU52T4F6QVA6"
          },
          "sensitive_attributes": []
        }
      ]
    },
    {
      "module": "module.eks",
      "mode": "data",
      "type": "aws_iam_policy_document",
      "name": "cluster_assume_role_policy",
      "provider": "provider[\"registry.terraform.io/hashicorp/aws\"]",
      "instances": [
        {
          "schema_version": 0,
          "attributes": {
            "id": "2764486067",
            "json": "{\n  \"Version\": \"2012-10-17\",\n  \"Statement\": [\n    {\n      \"Sid\": \"EKSClusterAssumeRole\",\n      \"Effect\": \"Allow\",\n      \"Action\": \"sts:AssumeRole\",\n      \"Principal\": {\n        \"Service\": \"eks.amazonaws.com\"\n      }\n    }\n  ]\n}",
            "override_json": null,
            "override_policy_documents": null,
            "policy_id": null,
            "source_json": null,
            "source_policy_documents": null,
            "statement": [
              {
                "actions": [
                  "sts:AssumeRole"
                ],
                "condition": [],
                "effect": "Allow",
                "not_actions": [],
                "not_principals": [],
                "not_resources": [],
                "principals": [
                  {
                    "identifiers": [
                      "eks.amazonaws.com"
                    ],
                    "type": "Service"
                  }
                ],
                "resources": [],
                "sid": "EKSClusterAssumeRole"
              }
            ],
            "version": "2012-10-17"
          },
          "sensitive_attributes": []
        }
      ]
    },
    {
      "module": "module.eks",
      "mode": "data",
      "type": "aws_iam_policy_document",
      "name": "workers_assume_role_policy",
      "provider": "provider[\"registry.terraform.io/hashicorp/aws\"]",
      "instances": [
        {
          "schema_version": 0,
          "attributes": {
            "id": "3778018924",
            "json": "{\n  \"Version\": \"2012-10-17\",\n  \"Statement\": [\n    {\n      \"Sid\": \"EKSWorkerAssumeRole\",\n      \"Effect\": \"Allow\",\n      \"Action\": \"sts:AssumeRole\",\n      \"Principal\": {\n        \"Service\": \"ec2.amazonaws.com\"\n      }\n    }\n  ]\n}",
            "override_json": null,
            "override_policy_documents": null,
            "policy_id": null,
            "source_json": null,
            "source_policy_documents": null,
            "statement": [
              {
                "actions": [
                  "sts:AssumeRole"
                ],
                "condition": [],
                "effect": "Allow",
                "not_actions": [],
                "not_principals": [],
                "not_resources": [],
                "principals": [
                  {
                    "identifiers": [
                      "ec2.amazonaws.com"
                    ],
                    "type": "Service"
                  }
                ],
                "resources": [],
                "sid": "EKSWorkerAssumeRole"
              }
            ],
            "version": "2012-10-17"
          },
          "sensitive_attributes": []
        }
      ]
    },
    {
      "module": "module.eks",
      "mode": "data",
      "type": "aws_iam_role",
      "name": "custom_cluster_iam_role",
      "provider": "provider[\"registry.terraform.io/hashicorp/aws\"]",
      "instances": [
        {
          "index_key": 0,
          "schema_version": 0,
          "attributes": {
            "arn": "arn:aws:iam::051126537531:role/VotingAppRole",
            "assume_role_policy": "{\"Version\":\"2012-10-17\",\"Statement\":[{\"Effect\":\"Allow\",\"Principal\":{\"Service\":\"eks.amazonaws.com\"},\"Action\":\"sts:AssumeRole\"}]}",
            "create_date": "2021-07-26T09:16:16Z",
            "description": "Allows access to other AWS service resources that are required to operate clusters managed by EKS.",
            "id": "VotingAppRole",
            "max_session_duration": 3600,
            "name": "VotingAppRole",
            "path": "/",
            "permissions_boundary": "",
            "tags": {
              "App": "VotingApp",
              "Owner": "Milind"
            },
            "unique_id": "AROAQXZ3BBU57LQF37YQB"
          },
          "sensitive_attributes": []
        }
      ]
    },
    {
      "module": "module.eks",
      "mode": "data",
      "type": "aws_partition",
      "name": "current",
      "provider": "provider[\"registry.terraform.io/hashicorp/aws\"]",
      "instances": [
        {
          "schema_version": 0,
          "attributes": {
            "dns_suffix": "amazonaws.com",
            "id": "aws",
            "partition": "aws",
            "reverse_dns_prefix": "com.amazonaws"
          },
          "sensitive_attributes": []
        }
      ]
    },
    {
      "module": "module.eks",
      "mode": "data",
      "type": "http",
      "name": "wait_for_cluster",
      "provider": "provider[\"registry.terraform.io/terraform-aws-modules/http\"]",
      "instances": [
        {
          "index_key": 0,
          "schema_version": 0,
          "attributes": {
            "body": "ok",
            "ca_certificate": "-----BEGIN CERTIFICATE-----\nMIIC5zCCAc+gAwIBAgIBADANBgkqhkiG9w0BAQsFADAVMRMwEQYDVQQDEwprdWJl\ncm5ldGVzMB4XDTIxMTAxNzExMjIyNloXDTMxMTAxNTExMjIyNlowFTETMBEGA1UE\nAxMKa3ViZXJuZXRlczCCASIwDQYJKoZIhvcNAQEBBQADggEPADCCAQoCggEBALRf\nSoxMldr6fW6H1V8ZgcSvcgK7y+x9ZFD/zIuC32luQoPM62SUTVWkTJvMNRT31Hjv\n6wIA3kALysul09v/IZnNuvXSxTOgXTCBnVE+8qZjawCGxhENUktQUxmGPTJJU0/H\nDEGvM8BpKghaBKmO+y/q58NdG99XIIk7eI6bTGzDhF50OqIHPWPQPnmUvdtBy9BG\nOvip3Vvwnq1/E1+B3P5PYwIcCFlm/PlmbqcyIHzG+fyFdV4lVm+gTGjtLHIrRS44\ncPaq2kZKOtYU50fpoC2AhqfIbajPobrOfpQqoLS71XG1hXqO9YtCXgGKQgCR6JJe\nxB6ZO78hUO0udYQqP68CAwEAAaNCMEAwDgYDVR0PAQH/BAQDAgKkMA8GA1UdEwEB\n/wQFMAMBAf8wHQYDVR0OBBYEFMd1y6EDbG8j1UT9LeF0CEMvFV5zMA0GCSqGSIb3\nDQEBCwUAA4IBAQApWAnxIPxjS4LvvABYHFVcstT6w14P1R5ohztD3cRW9vKxBlCw\naUrtNCW/pWWT9YmX4W+wAz6chwpqdjNhnyudMY6ETKlL/PlNyDhuqhWOEmSy0vQC\n1AWBQhhYB7fmBUWbqTA67z5yJXwBfzDN0zLyJ6/aB0GoQW3paOw1aNy8Fweg5bLd\nD61PDCW0BQSKn3lO6uoyKrQFuCjGQlAJhl4p8e8jRVc4noBmxnV43Rl1wGf2KyHU\nmqb9s7ozfMn7lc6FxEOVebwW186pl2WVT5KVf7rcCDwXcGcGCNUOl3bGibhoAVS6\nkkhvXlvCDAZ4FqDEI8aZskKfl2rjO5810ICG\n-----END CERTIFICATE-----\n",
            "id": "https://E9ADBE7066A021B228E729C6C408E601.gr7.us-east-1.eks.amazonaws.com/healthz",
            "insecure": false,
            "request_headers": null,
            "response_headers": {
              "Cache-Control": "no-cache, private",
              "Content-Length": "2",
              "Content-Type": "text/plain; charset=utf-8",
              "Date": "Sun, 17 Oct 2021 11:29:57 GMT",
              "X-Content-Type-Options": "nosniff",
              "X-Kubernetes-Pf-Flowschema-Uid": "3be457b5-620b-4a92-b5a7-3747f97ee55d",
              "X-Kubernetes-Pf-Prioritylevel-Uid": "799fc70d-f81f-4a9a-8bfe-eeb3009a08cb"
            },
            "timeout": 300,
            "url": "https://E9ADBE7066A021B228E729C6C408E601.gr7.us-east-1.eks.amazonaws.com/healthz"
          },
          "sensitive_attributes": []
        }
      ]
    },
    {
      "module": "module.eks",
      "mode": "managed",
      "type": "aws_eks_cluster",
      "name": "this",
      "provider": "provider[\"registry.terraform.io/hashicorp/aws\"]",
      "instances": [
        {
          "index_key": 0,
          "schema_version": 0,
          "attributes": {
            "arn": "arn:aws:eks:us-east-1:051126537531:cluster/mktst-nginx",
            "certificate_authority": [
              {
                "data": "LS0tLS1CRUdJTiBDRVJUSUZJQ0FURS0tLS0tCk1JSUM1ekNDQWMrZ0F3SUJBZ0lCQURBTkJna3Foa2lHOXcwQkFRc0ZBREFWTVJNd0VRWURWUVFERXdwcmRXSmwKY201bGRHVnpNQjRYRFRJeE1UQXhOekV4TWpJeU5sb1hEVE14TVRBeE5URXhNakl5Tmxvd0ZURVRNQkVHQTFVRQpBeE1LYTNWaVpYSnVaWFJsY3pDQ0FTSXdEUVlKS29aSWh2Y05BUUVCQlFBRGdnRVBBRENDQVFvQ2dnRUJBTFJmClNveE1sZHI2Zlc2SDFWOFpnY1N2Y2dLN3kreDlaRkQvekl1QzMybHVRb1BNNjJTVVRWV2tUSnZNTlJUMzFIanYKNndJQTNrQUx5c3VsMDl2L0labk51dlhTeFRPZ1hUQ0JuVkUrOHFaamF3Q0d4aEVOVWt0UVV4bUdQVEpKVTAvSApERUd2TThCcEtnaGFCS21PK3kvcTU4TmRHOTlYSUlrN2VJNmJUR3pEaEY1ME9xSUhQV1BRUG5tVXZkdEJ5OUJHCk92aXAzVnZ3bnExL0UxK0IzUDVQWXdJY0NGbG0vUGxtYnFjeUlIekcrZnlGZFY0bFZtK2dUR2p0TEhJclJTNDQKY1BhcTJrWktPdFlVNTBmcG9DMkFocWZJYmFqUG9ick9mcFFxb0xTNzFYRzFoWHFPOVl0Q1hnR0tRZ0NSNkpKZQp4QjZaTzc4aFVPMHVkWVFxUDY4Q0F3RUFBYU5DTUVBd0RnWURWUjBQQVFIL0JBUURBZ0trTUE4R0ExVWRFd0VCCi93UUZNQU1CQWY4d0hRWURWUjBPQkJZRUZNZDF5NkVEYkc4ajFVVDlMZUYwQ0VNdkZWNXpNQTBHQ1NxR1NJYjMKRFFFQkN3VUFBNElCQVFBcFdBbnhJUHhqUzRMdnZBQllIRlZjc3RUNncxNFAxUjVvaHp0RDNjUlc5dkt4QmxDdwphVXJ0TkNXL3BXV1Q5WW1YNFcrd0F6NmNod3BxZGpOaG55dWRNWTZFVEtsTC9QbE55RGh1cWhXT0VtU3kwdlFDCjFBV0JRaGhZQjdmbUJVV2JxVEE2N3o1eUpYd0JmekROMHpMeUo2L2FCMEdvUVczcGFPdzFhTnk4RndlZzViTGQKRDYxUERDVzBCUVNLbjNsTzZ1b3lLclFGdUNqR1FsQUpobDRwOGU4alJWYzRub0JteG5WNDNSbDF3R2YyS3lIVQptcWI5czdvemZNbjdsYzZGeEVPVmVid1cxODZwbDJXVlQ1S1ZmN3JjQ0R3WGNHY0dDTlVPbDNiR2liaG9BVlM2CmtraHZYbHZDREFaNEZxREVJOGFac2tLZmwycmpPNTgxMElDRwotLS0tLUVORCBDRVJUSUZJQ0FURS0tLS0tCg=="
              }
            ],
            "created_at": "2021-10-17 11:15:41.278 +0000 UTC",
            "enabled_cluster_log_types": null,
            "encryption_config": [],
            "endpoint": "https://E9ADBE7066A021B228E729C6C408E601.gr7.us-east-1.eks.amazonaws.com",
            "id": "mktst-nginx",
            "identity": [
              {
                "oidc": [
                  {
                    "issuer": "https://oidc.eks.us-east-1.amazonaws.com/id/E9ADBE7066A021B228E729C6C408E601"
                  }
                ]
              }
            ],
            "kubernetes_network_config": [
              {
                "service_ipv4_cidr": "172.20.0.0/16"
              }
            ],
            "name": "mktst-nginx",
            "platform_version": "eks.2",
            "role_arn": "arn:aws:iam::051126537531:role/VotingAppRole",
            "status": "ACTIVE",
            "tags": {
              "Environment": "test",
              "GithubOrg": "terraform-aws-modules",
              "GithubRepo": "terraform-aws-eks"
            },
            "tags_all": {
              "Environment": "test",
              "GithubOrg": "terraform-aws-modules",
              "GithubRepo": "terraform-aws-eks"
            },
            "timeouts": {
              "create": "30m",
              "delete": "15m",
              "update": "60m"
            },
            "version": "1.21",
            "vpc_config": [
              {
                "cluster_security_group_id": "sg-0109ec31b8666418e",
                "endpoint_private_access": true,
                "endpoint_public_access": true,
                "public_access_cidrs": [
                  "0.0.0.0/0"
                ],
                "security_group_ids": [
                  "sg-090baa2c9704ffe35"
                ],
                "subnet_ids": [
                  "subnet-027766823d184045f",
                  "subnet-0df0d7fddc8a77d2f"
                ],
                "vpc_id": "vpc-0665efb7de3911681"
              }
            ]
          },
          "sensitive_attributes": [],
          "private": "eyJlMmJmYjczMC1lY2FhLTExZTYtOGY4OC0zNDM2M2JjN2M0YzAiOnsiY3JlYXRlIjoxODAwMDAwMDAwMDAwLCJkZWxldGUiOjkwMDAwMDAwMDAwMCwidXBkYXRlIjozNjAwMDAwMDAwMDAwfX0=",
          "dependencies": [
            "module.eks.aws_cloudwatch_log_group.this",
            "module.eks.aws_iam_role.cluster",
            "module.eks.aws_iam_role_policy_attachment.cluster_AmazonEKSClusterPolicy",
            "module.eks.aws_iam_role_policy_attachment.cluster_AmazonEKSServicePolicy",
            "module.eks.aws_iam_role_policy_attachment.cluster_AmazonEKSVPCResourceControllerPolicy",
            "module.eks.aws_security_group.cluster",
            "module.eks.aws_security_group.workers",
            "module.eks.aws_security_group_rule.cluster_egress_internet",
            "module.eks.aws_security_group_rule.cluster_https_worker_ingress",
            "module.eks.data.aws_iam_role.custom_cluster_iam_role"
          ],
          "create_before_destroy": true
        }
      ]
    },
    {
      "module": "module.eks",
      "mode": "managed",
      "type": "aws_security_group",
      "name": "cluster",
      "provider": "provider[\"registry.terraform.io/hashicorp/aws\"]",
      "instances": [
        {
          "index_key": 0,
          "schema_version": 1,
          "attributes": {
            "arn": "arn:aws:ec2:us-east-1:051126537531:security-group/sg-090baa2c9704ffe35",
            "description": "EKS cluster security group.",
            "egress": [],
            "id": "sg-090baa2c9704ffe35",
            "ingress": [],
            "name": "mktst-nginx20211017111537658300000002",
            "name_prefix": "mktst-nginx",
            "owner_id": "051126537531",
            "revoke_rules_on_delete": false,
            "tags": {
              "Environment": "test",
              "GithubOrg": "terraform-aws-modules",
              "GithubRepo": "terraform-aws-eks",
              "Name": "mktst-nginx-eks_cluster_sg"
            },
            "tags_all": {
              "Environment": "test",
              "GithubOrg": "terraform-aws-modules",
              "GithubRepo": "terraform-aws-eks",
              "Name": "mktst-nginx-eks_cluster_sg"
            },
            "timeouts": null,
            "vpc_id": "vpc-0665efb7de3911681"
          },
          "sensitive_attributes": [],
          "private": "eyJlMmJmYjczMC1lY2FhLTExZTYtOGY4OC0zNDM2M2JjN2M0YzAiOnsiY3JlYXRlIjo2MDAwMDAwMDAwMDAsImRlbGV0ZSI6OTAwMDAwMDAwMDAwfSwic2NoZW1hX3ZlcnNpb24iOiIxIn0=",
          "create_before_destroy": true
        }
      ]
    },
    {
      "module": "module.eks",
      "mode": "managed",
      "type": "aws_security_group",
      "name": "workers",
      "provider": "provider[\"registry.terraform.io/hashicorp/aws\"]",
      "instances": [
        {
          "index_key": 0,
          "schema_version": 1,
          "attributes": {
            "arn": "arn:aws:ec2:us-east-1:051126537531:security-group/sg-037b52b08b93ac090",
            "description": "Security group for all nodes in the cluster.",
            "egress": [],
            "id": "sg-037b52b08b93ac090",
            "ingress": [],
            "name": "mktst-nginx20211017111537652700000001",
            "name_prefix": "mktst-nginx",
            "owner_id": "051126537531",
            "revoke_rules_on_delete": false,
            "tags": {
              "Environment": "test",
              "GithubOrg": "terraform-aws-modules",
              "GithubRepo": "terraform-aws-eks",
              "Name": "mktst-nginx-eks_worker_sg",
              "kubernetes.io/cluster/mktst-nginx": "owned"
            },
            "tags_all": {
              "Environment": "test",
              "GithubOrg": "terraform-aws-modules",
              "GithubRepo": "terraform-aws-eks",
              "Name": "mktst-nginx-eks_worker_sg",
              "kubernetes.io/cluster/mktst-nginx": "owned"
            },
            "timeouts": null,
            "vpc_id": "vpc-0665efb7de3911681"
          },
          "sensitive_attributes": [],
          "private": "eyJlMmJmYjczMC1lY2FhLTExZTYtOGY4OC0zNDM2M2JjN2M0YzAiOnsiY3JlYXRlIjo2MDAwMDAwMDAwMDAsImRlbGV0ZSI6OTAwMDAwMDAwMDAwfSwic2NoZW1hX3ZlcnNpb24iOiIxIn0=",
          "create_before_destroy": true
        }
      ]
    },
    {
      "module": "module.eks",
      "mode": "managed",
      "type": "aws_security_group_rule",
      "name": "cluster_egress_internet",
      "provider": "provider[\"registry.terraform.io/hashicorp/aws\"]",
      "instances": [
        {
          "index_key": 0,
          "schema_version": 2,
          "attributes": {
            "cidr_blocks": [
              "0.0.0.0/0"
            ],
            "description": "Allow cluster egress access to the Internet.",
            "from_port": 0,
            "id": "sgrule-2116056081",
            "ipv6_cidr_blocks": null,
            "prefix_list_ids": null,
            "protocol": "-1",
            "security_group_id": "sg-090baa2c9704ffe35",
            "self": false,
            "source_security_group_id": null,
            "to_port": 0,
            "type": "egress"
          },
          "sensitive_attributes": [],
          "private": "eyJzY2hlbWFfdmVyc2lvbiI6IjIifQ==",
          "dependencies": [
            "module.eks.aws_security_group.cluster"
          ],
          "create_before_destroy": true
        }
      ]
    },
    {
      "module": "module.eks",
      "mode": "managed",
      "type": "aws_security_group_rule",
      "name": "cluster_https_worker_ingress",
      "provider": "provider[\"registry.terraform.io/hashicorp/aws\"]",
      "instances": [
        {
          "index_key": 0,
          "schema_version": 2,
          "attributes": {
            "cidr_blocks": null,
            "description": "Allow pods to communicate with the EKS cluster API.",
            "from_port": 443,
            "id": "sgrule-2112305520",
            "ipv6_cidr_blocks": null,
            "prefix_list_ids": null,
            "protocol": "tcp",
            "security_group_id": "sg-090baa2c9704ffe35",
            "self": false,
            "source_security_group_id": "sg-037b52b08b93ac090",
            "to_port": 443,
            "type": "ingress"
          },
          "sensitive_attributes": [],
          "private": "eyJzY2hlbWFfdmVyc2lvbiI6IjIifQ==",
          "dependencies": [
            "module.eks.aws_security_group.cluster",
            "module.eks.aws_security_group.workers"
          ],
          "create_before_destroy": true
        }
      ]
    },
    {
      "module": "module.eks",
      "mode": "managed",
      "type": "aws_security_group_rule",
      "name": "workers_egress_internet",
      "provider": "provider[\"registry.terraform.io/hashicorp/aws\"]",
      "instances": [
        {
          "index_key": 0,
          "schema_version": 2,
          "attributes": {
            "cidr_blocks": [
              "0.0.0.0/0"
            ],
            "description": "Allow nodes all egress to the Internet.",
            "from_port": 0,
            "id": "sgrule-2077753599",
            "ipv6_cidr_blocks": null,
            "prefix_list_ids": null,
            "protocol": "-1",
            "security_group_id": "sg-037b52b08b93ac090",
            "self": false,
            "source_security_group_id": null,
            "to_port": 0,
            "type": "egress"
          },
          "sensitive_attributes": [],
          "private": "eyJzY2hlbWFfdmVyc2lvbiI6IjIifQ==",
          "dependencies": [
            "module.eks.aws_security_group.workers"
          ]
        }
      ]
    },
    {
      "module": "module.eks",
      "mode": "managed",
      "type": "aws_security_group_rule",
      "name": "workers_ingress_cluster",
      "provider": "provider[\"registry.terraform.io/hashicorp/aws\"]",
      "instances": [
        {
          "index_key": 0,
          "schema_version": 2,
          "attributes": {
            "cidr_blocks": null,
            "description": "Allow workers pods to receive communication from the cluster control plane.",
            "from_port": 1025,
            "id": "sgrule-1390082232",
            "ipv6_cidr_blocks": null,
            "prefix_list_ids": null,
            "protocol": "tcp",
            "security_group_id": "sg-037b52b08b93ac090",
            "self": false,
            "source_security_group_id": "sg-090baa2c9704ffe35",
            "to_port": 65535,
            "type": "ingress"
          },
          "sensitive_attributes": [],
          "private": "eyJzY2hlbWFfdmVyc2lvbiI6IjIifQ==",
          "dependencies": [
            "module.eks.aws_security_group.cluster",
            "module.eks.aws_security_group.workers"
          ]
        }
      ]
    },
    {
      "module": "module.eks",
      "mode": "managed",
      "type": "aws_security_group_rule",
      "name": "workers_ingress_cluster_https",
      "provider": "provider[\"registry.terraform.io/hashicorp/aws\"]",
      "instances": [
        {
          "index_key": 0,
          "schema_version": 2,
          "attributes": {
            "cidr_blocks": null,
            "description": "Allow pods running extension API servers on port 443 to receive communication from cluster control plane.",
            "from_port": 443,
            "id": "sgrule-2649883264",
            "ipv6_cidr_blocks": null,
            "prefix_list_ids": null,
            "protocol": "tcp",
            "security_group_id": "sg-037b52b08b93ac090",
            "self": false,
            "source_security_group_id": "sg-090baa2c9704ffe35",
            "to_port": 443,
            "type": "ingress"
          },
          "sensitive_attributes": [],
          "private": "eyJzY2hlbWFfdmVyc2lvbiI6IjIifQ==",
          "dependencies": [
            "module.eks.aws_security_group.cluster",
            "module.eks.aws_security_group.workers"
          ]
        }
      ]
    },
    {
      "module": "module.eks",
      "mode": "managed",
      "type": "aws_security_group_rule",
      "name": "workers_ingress_self",
      "provider": "provider[\"registry.terraform.io/hashicorp/aws\"]",
      "instances": [
        {
          "index_key": 0,
          "schema_version": 2,
          "attributes": {
            "cidr_blocks": null,
            "description": "Allow node to communicate with each other.",
            "from_port": 0,
            "id": "sgrule-1645573929",
            "ipv6_cidr_blocks": null,
            "prefix_list_ids": null,
            "protocol": "-1",
            "security_group_id": "sg-037b52b08b93ac090",
            "self": false,
            "source_security_group_id": "sg-037b52b08b93ac090",
            "to_port": 65535,
            "type": "ingress"
          },
          "sensitive_attributes": [],
          "private": "eyJzY2hlbWFfdmVyc2lvbiI6IjIifQ==",
          "dependencies": [
            "module.eks.aws_security_group.workers"
          ]
        }
      ]
    },
    {
      "module": "module.eks",
      "mode": "managed",
      "type": "kubernetes_config_map",
      "name": "aws_auth",
      "provider": "provider[\"registry.terraform.io/hashicorp/kubernetes\"]",
      "instances": [
        {
          "index_key": 0,
          "schema_version": 0,
          "attributes": {
            "binary_data": null,
            "data": {
              "mapAccounts": "[]\n",
              "mapRoles": "- \"groups\":\n  - \"system:bootstrappers\"\n  - \"system:nodes\"\n  \"rolearn\": \"arn:aws:iam::051126537531:role/NodeInstanceRole\"\n  \"username\": \"system:node:{{EC2PrivateDNSName}}\"\n",
              "mapUsers": "[]\n"
            },
            "id": "kube-system/aws-auth",
            "metadata": [
              {
                "annotations": null,
                "generate_name": "",
                "generation": 0,
                "labels": {
                  "app.kubernetes.io/managed-by": "Terraform",
                  "terraform.io/module": "terraform-aws-modules.eks.aws"
                },
                "name": "aws-auth",
                "namespace": "kube-system",
                "resource_version": "1106",
                "uid": "c1fd7d15-9b18-4eb2-9b25-37447597a217"
              }
            ]
          },
          "sensitive_attributes": [],
          "private": "bnVsbA==",
          "dependencies": [
            "data.aws_eks_cluster.cluster",
            "data.aws_eks_cluster_auth.cluster",
            "module.eks.aws_cloudwatch_log_group.this",
            "module.eks.aws_eks_cluster.this",
            "module.eks.aws_iam_instance_profile.workers",
            "module.eks.aws_iam_instance_profile.workers_launch_template",
            "module.eks.aws_iam_role.cluster",
            "module.eks.aws_iam_role.workers",
            "module.eks.aws_iam_role_policy_attachment.cluster_AmazonEKSClusterPolicy",
            "module.eks.aws_iam_role_policy_attachment.cluster_AmazonEKSServicePolicy",
            "module.eks.aws_iam_role_policy_attachment.cluster_AmazonEKSVPCResourceControllerPolicy",
            "module.eks.aws_security_group.cluster",
            "module.eks.aws_security_group.workers",
            "module.eks.aws_security_group_rule.cluster_egress_internet",
            "module.eks.aws_security_group_rule.cluster_https_worker_ingress",
            "module.eks.aws_security_group_rule.cluster_private_access_cidrs_source",
            "module.eks.aws_security_group_rule.cluster_private_access_sg_source",
            "module.eks.data.aws_ami.eks_worker",
            "module.eks.data.aws_ami.eks_worker_windows",
            "module.eks.data.aws_caller_identity.current",
            "module.eks.data.aws_iam_instance_profile.custom_worker_group_iam_instance_profile",
            "module.eks.data.aws_iam_instance_profile.custom_worker_group_launch_template_iam_instance_profile",
            "module.eks.data.aws_iam_role.custom_cluster_iam_role",
            "module.eks.data.aws_partition.current",
            "module.eks.data.http.wait_for_cluster",
            "module.eks.module.fargate.aws_iam_role.eks_fargate_pod",
            "module.eks.module.fargate.data.aws_iam_role.custom_fargate_iam_role"
          ],
          "create_before_destroy": true
        }
      ]
    },
    {
      "module": "module.eks",
      "mode": "managed",
      "type": "local_file",
      "name": "kubeconfig",
      "provider": "provider[\"registry.terraform.io/hashicorp/local\"]",
      "instances": [
        {
          "index_key": 0,
          "schema_version": 0,
          "attributes": {
            "content": "apiVersion: v1\npreferences: {}\nkind: Config\n\nclusters:\n- cluster:\n    server: https://E9ADBE7066A021B228E729C6C408E601.gr7.us-east-1.eks.amazonaws.com\n    certificate-authority-data: LS0tLS1CRUdJTiBDRVJUSUZJQ0FURS0tLS0tCk1JSUM1ekNDQWMrZ0F3SUJBZ0lCQURBTkJna3Foa2lHOXcwQkFRc0ZBREFWTVJNd0VRWURWUVFERXdwcmRXSmwKY201bGRHVnpNQjRYRFRJeE1UQXhOekV4TWpJeU5sb1hEVE14TVRBeE5URXhNakl5Tmxvd0ZURVRNQkVHQTFVRQpBeE1LYTNWaVpYSnVaWFJsY3pDQ0FTSXdEUVlKS29aSWh2Y05BUUVCQlFBRGdnRVBBRENDQVFvQ2dnRUJBTFJmClNveE1sZHI2Zlc2SDFWOFpnY1N2Y2dLN3kreDlaRkQvekl1QzMybHVRb1BNNjJTVVRWV2tUSnZNTlJUMzFIanYKNndJQTNrQUx5c3VsMDl2L0labk51dlhTeFRPZ1hUQ0JuVkUrOHFaamF3Q0d4aEVOVWt0UVV4bUdQVEpKVTAvSApERUd2TThCcEtnaGFCS21PK3kvcTU4TmRHOTlYSUlrN2VJNmJUR3pEaEY1ME9xSUhQV1BRUG5tVXZkdEJ5OUJHCk92aXAzVnZ3bnExL0UxK0IzUDVQWXdJY0NGbG0vUGxtYnFjeUlIekcrZnlGZFY0bFZtK2dUR2p0TEhJclJTNDQKY1BhcTJrWktPdFlVNTBmcG9DMkFocWZJYmFqUG9ick9mcFFxb0xTNzFYRzFoWHFPOVl0Q1hnR0tRZ0NSNkpKZQp4QjZaTzc4aFVPMHVkWVFxUDY4Q0F3RUFBYU5DTUVBd0RnWURWUjBQQVFIL0JBUURBZ0trTUE4R0ExVWRFd0VCCi93UUZNQU1CQWY4d0hRWURWUjBPQkJZRUZNZDF5NkVEYkc4ajFVVDlMZUYwQ0VNdkZWNXpNQTBHQ1NxR1NJYjMKRFFFQkN3VUFBNElCQVFBcFdBbnhJUHhqUzRMdnZBQllIRlZjc3RUNncxNFAxUjVvaHp0RDNjUlc5dkt4QmxDdwphVXJ0TkNXL3BXV1Q5WW1YNFcrd0F6NmNod3BxZGpOaG55dWRNWTZFVEtsTC9QbE55RGh1cWhXT0VtU3kwdlFDCjFBV0JRaGhZQjdmbUJVV2JxVEE2N3o1eUpYd0JmekROMHpMeUo2L2FCMEdvUVczcGFPdzFhTnk4RndlZzViTGQKRDYxUERDVzBCUVNLbjNsTzZ1b3lLclFGdUNqR1FsQUpobDRwOGU4alJWYzRub0JteG5WNDNSbDF3R2YyS3lIVQptcWI5czdvemZNbjdsYzZGeEVPVmVid1cxODZwbDJXVlQ1S1ZmN3JjQ0R3WGNHY0dDTlVPbDNiR2liaG9BVlM2CmtraHZYbHZDREFaNEZxREVJOGFac2tLZmwycmpPNTgxMElDRwotLS0tLUVORCBDRVJUSUZJQ0FURS0tLS0tCg==\n  name: eks_mktst-nginx\n\ncontexts:\n- context:\n    cluster: eks_mktst-nginx\n    user: eks_mktst-nginx\n  name: eks_mktst-nginx\n\ncurrent-context: eks_mktst-nginx\n\nusers:\n- name: eks_mktst-nginx\n  user:\n    exec:\n      apiVersion: client.authentication.k8s.io/v1alpha1\n      command: aws-iam-authenticator\n      args:\n        - \"token\"\n        - \"-i\"\n        - \"mktst-nginx\"\n",
            "content_base64": null,
            "directory_permission": "0755",
            "file_permission": "0600",
            "filename": "./kubeconfig_mktst-nginx",
            "id": "61deee5ccf623da1f64ab069ddae29e59f65de6f",
            "sensitive_content": null,
            "source": null
          },
          "sensitive_attributes": [],
          "private": "bnVsbA==",
          "dependencies": [
            "module.eks.aws_cloudwatch_log_group.this",
            "module.eks.aws_eks_cluster.this",
            "module.eks.aws_iam_role.cluster",
            "module.eks.aws_iam_role_policy_attachment.cluster_AmazonEKSClusterPolicy",
            "module.eks.aws_iam_role_policy_attachment.cluster_AmazonEKSServicePolicy",
            "module.eks.aws_iam_role_policy_attachment.cluster_AmazonEKSVPCResourceControllerPolicy",
            "module.eks.aws_security_group.cluster",
            "module.eks.aws_security_group.workers",
            "module.eks.aws_security_group_rule.cluster_egress_internet",
            "module.eks.aws_security_group_rule.cluster_https_worker_ingress",
            "module.eks.data.aws_iam_role.custom_cluster_iam_role"
          ]
        }
      ]
    },
    {
      "module": "module.eks.module.fargate",
      "mode": "data",
      "type": "aws_partition",
      "name": "current",
      "provider": "provider[\"registry.terraform.io/hashicorp/aws\"]",
      "instances": [
        {
          "schema_version": 0,
          "attributes": {
            "dns_suffix": "amazonaws.com",
            "id": "aws",
            "partition": "aws",
            "reverse_dns_prefix": "com.amazonaws"
          },
          "sensitive_attributes": []
        }
      ]
    },
    {
      "module": "module.eks.module.node_groups",
      "mode": "managed",
      "type": "aws_eks_node_group",
      "name": "workers",
      "provider": "provider[\"registry.terraform.io/hashicorp/aws\"]",
      "instances": [
        {
          "index_key": "example",
          "schema_version": 0,
          "attributes": {
            "ami_type": "AL2_x86_64",
            "arn": "arn:aws:eks:us-east-1:051126537531:nodegroup/mktst-nginx/mktst-nginx-example20211017112958246900000003/44be4701-fe10-b49d-ed54-50e4a62fc0f1",
            "capacity_type": "SPOT",
            "cluster_name": "mktst-nginx",
            "disk_size": 20,
            "force_update_version": null,
            "id": "mktst-nginx:mktst-nginx-example20211017112958246900000003",
            "instance_types": [
              "t2.small"
            ],
            "labels": {
              "Environment": "test",
              "GithubOrg": "terraform-aws-modules",
              "GithubRepo": "terraform-aws-eks"
            },
            "launch_template": [],
            "node_group_name": "mktst-nginx-example20211017112958246900000003",
            "node_group_name_prefix": "mktst-nginx-example",
            "node_role_arn": "arn:aws:iam::051126537531:role/NodeInstanceRole",
            "release_version": "1.21.4-20211008",
            "remote_access": [],
            "resources": [
              {
                "autoscaling_groups": [
                  {
                    "name": "eks-mktst-nginx-example20211017112958246900000003-44be4701-fe10-b49d-ed54-50e4a62fc0f1"
                  }
                ],
                "remote_access_security_group_id": ""
              }
            ],
            "scaling_config": [
              {
                "desired_size": 2,
                "max_size": 2,
                "min_size": 2
              }
            ],
            "status": "ACTIVE",
            "subnet_ids": [
              "subnet-027766823d184045f",
              "subnet-0df0d7fddc8a77d2f"
            ],
            "tags": {
              "Environment": "test",
              "GithubOrg": "terraform-aws-modules",
              "GithubRepo": "terraform-aws-eks"
            },
            "tags_all": {
              "Environment": "test",
              "GithubOrg": "terraform-aws-modules",
              "GithubRepo": "terraform-aws-eks"
            },
            "taint": [],
            "timeouts": {
              "create": null,
              "delete": null,
              "update": null
            },
            "update_config": [
              {
                "max_unavailable": 0,
                "max_unavailable_percentage": 50
              }
            ],
            "version": "1.21"
          },
          "sensitive_attributes": [],
          "private": "eyJlMmJmYjczMC1lY2FhLTExZTYtOGY4OC0zNDM2M2JjN2M0YzAiOnsiY3JlYXRlIjozNjAwMDAwMDAwMDAwLCJkZWxldGUiOjM2MDAwMDAwMDAwMDAsInVwZGF0ZSI6MzYwMDAwMDAwMDAwMH19",
          "dependencies": [
            "data.aws_eks_cluster.cluster",
            "data.aws_eks_cluster_auth.cluster",
            "module.eks.aws_cloudwatch_log_group.this",
            "module.eks.aws_eks_cluster.this",
            "module.eks.aws_iam_instance_profile.workers",
            "module.eks.aws_iam_instance_profile.workers_launch_template",
            "module.eks.aws_iam_role.cluster",
            "module.eks.aws_iam_role.workers",
            "module.eks.aws_iam_role_policy_attachment.cluster_AmazonEKSClusterPolicy",
            "module.eks.aws_iam_role_policy_attachment.cluster_AmazonEKSServicePolicy",
            "module.eks.aws_iam_role_policy_attachment.cluster_AmazonEKSVPCResourceControllerPolicy",
            "module.eks.aws_iam_role_policy_attachment.workers_AmazonEC2ContainerRegistryReadOnly",
            "module.eks.aws_iam_role_policy_attachment.workers_AmazonEKSWorkerNodePolicy",
            "module.eks.aws_iam_role_policy_attachment.workers_AmazonEKS_CNI_Policy",
            "module.eks.aws_security_group.cluster",
            "module.eks.aws_security_group.workers",
            "module.eks.aws_security_group_rule.cluster_egress_internet",
            "module.eks.aws_security_group_rule.cluster_https_worker_ingress",
            "module.eks.aws_security_group_rule.cluster_private_access_cidrs_source",
            "module.eks.aws_security_group_rule.cluster_private_access_sg_source",
            "module.eks.data.aws_ami.eks_worker",
            "module.eks.data.aws_ami.eks_worker_windows",
            "module.eks.data.aws_caller_identity.current",
            "module.eks.data.aws_iam_instance_profile.custom_worker_group_iam_instance_profile",
            "module.eks.data.aws_iam_instance_profile.custom_worker_group_launch_template_iam_instance_profile",
            "module.eks.data.aws_iam_role.custom_cluster_iam_role",
            "module.eks.data.aws_partition.current",
            "module.eks.data.http.wait_for_cluster",
            "module.eks.kubernetes_config_map.aws_auth",
            "module.eks.module.fargate.aws_iam_role.eks_fargate_pod",
            "module.eks.module.fargate.data.aws_iam_role.custom_fargate_iam_role",
            "module.eks.module.node_groups.aws_launch_template.workers"
          ],
          "create_before_destroy": true
        }
      ]
    }
  ]
}
